
Microsoft Visual Studio Solution File, Format Version 12.00
# Visual Studio Version 17
VisualStudioVersion = 17.6.33815.320
MinimumVisualStudioVersion = 10.0.40219.1
Project("{FAE04EC0-301F-11D3-BF4B-00C04F79EFBC}") = "PRACTICEMIG", "PRACTICEMIG\PRACTICEMIG.csproj", "{2F61DD9E-C15F-43FF-B687-F8207722439D}"
EndProject
Global
	GlobalSection(SolutionConfigurationPlatforms) = preSolution
		Debug|Any CPU = Debug|Any CPU
		Release|Any CPU = Release|Any CPU
	EndGlobalSection
	GlobalSection(ProjectConfigurationPlatforms) = postSolution
		{2F61DD9E-C15F-43FF-B687-F8207722439D}.Debug|Any CPU.ActiveCfg = Debug|Any CPU
		{2F61DD9E-C15F-43FF-B687-F8207722439D}.Debug|Any CPU.Build.0 = Debug|Any CPU
		{2F61DD9E-C15F-43FF-B687-F8207722439D}.Release|Any CPU.ActiveCfg = Release|Any CPU
		{2F61DD9E-C15F-43FF-B687-F8207722439D}.Release|Any CPU.Build.0 = Release|Any CPU
	EndGlobalSection
	GlobalSection(SolutionProperties) = preSolution
		HideSolutionNode = FALSE
	EndGlobalSection
	GlobalSection(ExtensibilityGlobals) = postSolution
		SolutionGuid = {EADA4296-6B93-4F20-92E9-99F1C24C87A2}
	EndGlobalSection
EndGlobal
