
Microsoft Visual Studio Solution File, Format Version 12.00
# Visual Studio Version 17
VisualStudioVersion = 17.6.33815.320
MinimumVisualStudioVersion = 10.0.40219.1
Project("{FAE04EC0-301F-11D3-BF4B-00C04F79EFBC}") = "Digitahwatch2", "Digitahwatch2\Digitahwatch2.csproj", "{64B74CA0-4D57-4C85-B8B6-0DAA86A69D26}"
EndProject
Global
	GlobalSection(SolutionConfigurationPlatforms) = preSolution
		Debug|Any CPU = Debug|Any CPU
		Release|Any CPU = Release|Any CPU
	EndGlobalSection
	GlobalSection(ProjectConfigurationPlatforms) = postSolution
		{64B74CA0-4D57-4C85-B8B6-0DAA86A69D26}.Debug|Any CPU.ActiveCfg = Debug|Any CPU
		{64B74CA0-4D57-4C85-B8B6-0DAA86A69D26}.Debug|Any CPU.Build.0 = Debug|Any CPU
		{64B74CA0-4D57-4C85-B8B6-0DAA86A69D26}.Release|Any CPU.ActiveCfg = Release|Any CPU
		{64B74CA0-4D57-4C85-B8B6-0DAA86A69D26}.Release|Any CPU.Build.0 = Release|Any CPU
	EndGlobalSection
	GlobalSection(SolutionProperties) = preSolution
		HideSolutionNode = FALSE
	EndGlobalSection
	GlobalSection(ExtensibilityGlobals) = postSolution
		SolutionGuid = {6AF64CA1-80CF-44AB-BC06-8522DC8F37FC}
	EndGlobalSection
EndGlobal
