
Microsoft Visual Studio Solution File, Format Version 12.00
# Visual Studio Version 17
VisualStudioVersion = 17.6.33815.320
MinimumVisualStudioVersion = 10.0.40219.1
Project("{FAE04EC0-301F-11D3-BF4B-00C04F79EFBC}") = "OracleApp_create2", "OracleApp_create2\OracleApp_create2.csproj", "{880B7C08-2D42-4CA2-B520-365E57C10F30}"
EndProject
Global
	GlobalSection(SolutionConfigurationPlatforms) = preSolution
		Debug|Any CPU = Debug|Any CPU
		Release|Any CPU = Release|Any CPU
	EndGlobalSection
	GlobalSection(ProjectConfigurationPlatforms) = postSolution
		{880B7C08-2D42-4CA2-B520-365E57C10F30}.Debug|Any CPU.ActiveCfg = Debug|Any CPU
		{880B7C08-2D42-4CA2-B520-365E57C10F30}.Debug|Any CPU.Build.0 = Debug|Any CPU
		{880B7C08-2D42-4CA2-B520-365E57C10F30}.Release|Any CPU.ActiveCfg = Release|Any CPU
		{880B7C08-2D42-4CA2-B520-365E57C10F30}.Release|Any CPU.Build.0 = Release|Any CPU
	EndGlobalSection
	GlobalSection(SolutionProperties) = preSolution
		HideSolutionNode = FALSE
	EndGlobalSection
	GlobalSection(ExtensibilityGlobals) = postSolution
		SolutionGuid = {81849F99-B6AF-47D8-8242-C58B56FD74E7}
	EndGlobalSection
EndGlobal
