
Microsoft Visual Studio Solution File, Format Version 12.00
# Visual Studio Version 17
VisualStudioVersion = 17.7.34009.444
MinimumVisualStudioVersion = 10.0.40219.1
Project("{FAE04EC0-301F-11D3-BF4B-00C04F79EFBC}") = "Ex4-5", "Ex4-5\Ex4-5.csproj", "{1E1CD4A2-9042-46C3-B5D0-A658FBFE9CC8}"
EndProject
Global
	GlobalSection(SolutionConfigurationPlatforms) = preSolution
		Debug|Any CPU = Debug|Any CPU
		Release|Any CPU = Release|Any CPU
	EndGlobalSection
	GlobalSection(ProjectConfigurationPlatforms) = postSolution
		{1E1CD4A2-9042-46C3-B5D0-A658FBFE9CC8}.Debug|Any CPU.ActiveCfg = Debug|Any CPU
		{1E1CD4A2-9042-46C3-B5D0-A658FBFE9CC8}.Debug|Any CPU.Build.0 = Debug|Any CPU
		{1E1CD4A2-9042-46C3-B5D0-A658FBFE9CC8}.Release|Any CPU.ActiveCfg = Release|Any CPU
		{1E1CD4A2-9042-46C3-B5D0-A658FBFE9CC8}.Release|Any CPU.Build.0 = Release|Any CPU
	EndGlobalSection
	GlobalSection(SolutionProperties) = preSolution
		HideSolutionNode = FALSE
	EndGlobalSection
	GlobalSection(ExtensibilityGlobals) = postSolution
		SolutionGuid = {F62B146F-B999-4FBE-9F4C-965CC09D91B9}
	EndGlobalSection
EndGlobal
