
Microsoft Visual Studio Solution File, Format Version 12.00
# Visual Studio Version 17
VisualStudioVersion = 17.6.33815.320
MinimumVisualStudioVersion = 10.0.40219.1
Project("{FAE04EC0-301F-11D3-BF4B-00C04F79EFBC}") = "WindowsFormsApp4", "WindowsFormsApp4\WindowsFormsApp4.csproj", "{643C61C5-4C34-4CFB-B101-DE6D54D534B9}"
EndProject
Global
	GlobalSection(SolutionConfigurationPlatforms) = preSolution
		Debug|Any CPU = Debug|Any CPU
		Release|Any CPU = Release|Any CPU
	EndGlobalSection
	GlobalSection(ProjectConfigurationPlatforms) = postSolution
		{643C61C5-4C34-4CFB-B101-DE6D54D534B9}.Debug|Any CPU.ActiveCfg = Debug|Any CPU
		{643C61C5-4C34-4CFB-B101-DE6D54D534B9}.Debug|Any CPU.Build.0 = Debug|Any CPU
		{643C61C5-4C34-4CFB-B101-DE6D54D534B9}.Release|Any CPU.ActiveCfg = Release|Any CPU
		{643C61C5-4C34-4CFB-B101-DE6D54D534B9}.Release|Any CPU.Build.0 = Release|Any CPU
	EndGlobalSection
	GlobalSection(SolutionProperties) = preSolution
		HideSolutionNode = FALSE
	EndGlobalSection
	GlobalSection(ExtensibilityGlobals) = postSolution
		SolutionGuid = {75DCCFED-B42A-4FEF-9243-8A14DE80CA1E}
	EndGlobalSection
EndGlobal
