
Microsoft Visual Studio Solution File, Format Version 12.00
# Visual Studio Version 17
VisualStudioVersion = 17.6.33815.320
MinimumVisualStudioVersion = 10.0.40219.1
Project("{FAE04EC0-301F-11D3-BF4B-00C04F79EFBC}") = "p.500quiz", "p.500quiz\p.500quiz.csproj", "{749B2B15-70E8-435B-A207-9905E61DE18C}"
EndProject
Global
	GlobalSection(SolutionConfigurationPlatforms) = preSolution
		Debug|Any CPU = Debug|Any CPU
		Release|Any CPU = Release|Any CPU
	EndGlobalSection
	GlobalSection(ProjectConfigurationPlatforms) = postSolution
		{749B2B15-70E8-435B-A207-9905E61DE18C}.Debug|Any CPU.ActiveCfg = Debug|Any CPU
		{749B2B15-70E8-435B-A207-9905E61DE18C}.Debug|Any CPU.Build.0 = Debug|Any CPU
		{749B2B15-70E8-435B-A207-9905E61DE18C}.Release|Any CPU.ActiveCfg = Release|Any CPU
		{749B2B15-70E8-435B-A207-9905E61DE18C}.Release|Any CPU.Build.0 = Release|Any CPU
	EndGlobalSection
	GlobalSection(SolutionProperties) = preSolution
		HideSolutionNode = FALSE
	EndGlobalSection
	GlobalSection(ExtensibilityGlobals) = postSolution
		SolutionGuid = {5B0D5EB9-250D-4221-816A-FAA833658D2A}
	EndGlobalSection
EndGlobal
