
Microsoft Visual Studio Solution File, Format Version 12.00
# Visual Studio Version 17
VisualStudioVersion = 17.7.34009.444
MinimumVisualStudioVersion = 10.0.40219.1
Project("{FAE04EC0-301F-11D3-BF4B-00C04F79EFBC}") = "BitwiseAppwinform", "BitwiseAppwinform\BitwiseAppwinform.csproj", "{4315E6DE-F1D3-41DC-903A-F352FCB7357A}"
EndProject
Global
	GlobalSection(SolutionConfigurationPlatforms) = preSolution
		Debug|Any CPU = Debug|Any CPU
		Release|Any CPU = Release|Any CPU
	EndGlobalSection
	GlobalSection(ProjectConfigurationPlatforms) = postSolution
		{4315E6DE-F1D3-41DC-903A-F352FCB7357A}.Debug|Any CPU.ActiveCfg = Debug|Any CPU
		{4315E6DE-F1D3-41DC-903A-F352FCB7357A}.Debug|Any CPU.Build.0 = Debug|Any CPU
		{4315E6DE-F1D3-41DC-903A-F352FCB7357A}.Release|Any CPU.ActiveCfg = Release|Any CPU
		{4315E6DE-F1D3-41DC-903A-F352FCB7357A}.Release|Any CPU.Build.0 = Release|Any CPU
	EndGlobalSection
	GlobalSection(SolutionProperties) = preSolution
		HideSolutionNode = FALSE
	EndGlobalSection
	GlobalSection(ExtensibilityGlobals) = postSolution
		SolutionGuid = {3F4B1BEE-E80C-4AC7-B7FF-0527E38A2E30}
	EndGlobalSection
EndGlobal
