
Microsoft Visual Studio Solution File, Format Version 12.00
# Visual Studio Version 17
VisualStudioVersion = 17.6.33815.320
MinimumVisualStudioVersion = 10.0.40219.1
Project("{FAE04EC0-301F-11D3-BF4B-00C04F79EFBC}") = "memorystreamQuiz2", "memorystreamQuiz2\memorystreamQuiz2.csproj", "{2E819919-D965-4362-9E95-D47142DD5DCE}"
EndProject
Global
	GlobalSection(SolutionConfigurationPlatforms) = preSolution
		Debug|Any CPU = Debug|Any CPU
		Release|Any CPU = Release|Any CPU
	EndGlobalSection
	GlobalSection(ProjectConfigurationPlatforms) = postSolution
		{2E819919-D965-4362-9E95-D47142DD5DCE}.Debug|Any CPU.ActiveCfg = Debug|Any CPU
		{2E819919-D965-4362-9E95-D47142DD5DCE}.Debug|Any CPU.Build.0 = Debug|Any CPU
		{2E819919-D965-4362-9E95-D47142DD5DCE}.Release|Any CPU.ActiveCfg = Release|Any CPU
		{2E819919-D965-4362-9E95-D47142DD5DCE}.Release|Any CPU.Build.0 = Release|Any CPU
	EndGlobalSection
	GlobalSection(SolutionProperties) = preSolution
		HideSolutionNode = FALSE
	EndGlobalSection
	GlobalSection(ExtensibilityGlobals) = postSolution
		SolutionGuid = {5F198892-758A-4026-AFED-AAB1E0268E79}
	EndGlobalSection
EndGlobal
