
Microsoft Visual Studio Solution File, Format Version 12.00
# Visual Studio Version 17
VisualStudioVersion = 17.7.34009.444
MinimumVisualStudioVersion = 10.0.40219.1
Project("{FAE04EC0-301F-11D3-BF4B-00C04F79EFBC}") = "mvcDalpen2", "mvcDalpen2\mvcDalpen2.csproj", "{37D9199D-F405-4076-A7B6-9850154E0900}"
EndProject
Global
	GlobalSection(SolutionConfigurationPlatforms) = preSolution
		Debug|Any CPU = Debug|Any CPU
		Release|Any CPU = Release|Any CPU
	EndGlobalSection
	GlobalSection(ProjectConfigurationPlatforms) = postSolution
		{37D9199D-F405-4076-A7B6-9850154E0900}.Debug|Any CPU.ActiveCfg = Debug|Any CPU
		{37D9199D-F405-4076-A7B6-9850154E0900}.Debug|Any CPU.Build.0 = Debug|Any CPU
		{37D9199D-F405-4076-A7B6-9850154E0900}.Release|Any CPU.ActiveCfg = Release|Any CPU
		{37D9199D-F405-4076-A7B6-9850154E0900}.Release|Any CPU.Build.0 = Release|Any CPU
	EndGlobalSection
	GlobalSection(SolutionProperties) = preSolution
		HideSolutionNode = FALSE
	EndGlobalSection
	GlobalSection(ExtensibilityGlobals) = postSolution
		SolutionGuid = {F78F2ED8-72B6-463C-8DBF-17D189DB9C40}
	EndGlobalSection
EndGlobal
