
Microsoft Visual Studio Solution File, Format Version 12.00
# Visual Studio Version 17
VisualStudioVersion = 17.6.33815.320
MinimumVisualStudioVersion = 10.0.40219.1
Project("{FAE04EC0-301F-11D3-BF4B-00C04F79EFBC}") = "ZooApp01", "ZooApp01\ZooApp01.csproj", "{CADED0D2-4C9F-4D39-8C3E-E9BDA1337214}"
EndProject
Global
	GlobalSection(SolutionConfigurationPlatforms) = preSolution
		Debug|Any CPU = Debug|Any CPU
		Release|Any CPU = Release|Any CPU
	EndGlobalSection
	GlobalSection(ProjectConfigurationPlatforms) = postSolution
		{CADED0D2-4C9F-4D39-8C3E-E9BDA1337214}.Debug|Any CPU.ActiveCfg = Debug|Any CPU
		{CADED0D2-4C9F-4D39-8C3E-E9BDA1337214}.Debug|Any CPU.Build.0 = Debug|Any CPU
		{CADED0D2-4C9F-4D39-8C3E-E9BDA1337214}.Release|Any CPU.ActiveCfg = Release|Any CPU
		{CADED0D2-4C9F-4D39-8C3E-E9BDA1337214}.Release|Any CPU.Build.0 = Release|Any CPU
	EndGlobalSection
	GlobalSection(SolutionProperties) = preSolution
		HideSolutionNode = FALSE
	EndGlobalSection
	GlobalSection(ExtensibilityGlobals) = postSolution
		SolutionGuid = {E2F1C39D-7637-421F-8DCC-D5A07CDA641C}
	EndGlobalSection
EndGlobal
