
Microsoft Visual Studio Solution File, Format Version 12.00
# Visual Studio Version 17
VisualStudioVersion = 17.7.34009.444
MinimumVisualStudioVersion = 10.0.40219.1
Project("{FAE04EC0-301F-11D3-BF4B-00C04F79EFBC}") = "imagetest", "imagetest\imagetest.csproj", "{1C0DCEEF-3AD2-4D33-95E9-569CB04983BC}"
EndProject
Global
	GlobalSection(SolutionConfigurationPlatforms) = preSolution
		Debug|Any CPU = Debug|Any CPU
		Release|Any CPU = Release|Any CPU
	EndGlobalSection
	GlobalSection(ProjectConfigurationPlatforms) = postSolution
		{1C0DCEEF-3AD2-4D33-95E9-569CB04983BC}.Debug|Any CPU.ActiveCfg = Debug|Any CPU
		{1C0DCEEF-3AD2-4D33-95E9-569CB04983BC}.Debug|Any CPU.Build.0 = Debug|Any CPU
		{1C0DCEEF-3AD2-4D33-95E9-569CB04983BC}.Release|Any CPU.ActiveCfg = Release|Any CPU
		{1C0DCEEF-3AD2-4D33-95E9-569CB04983BC}.Release|Any CPU.Build.0 = Release|Any CPU
	EndGlobalSection
	GlobalSection(SolutionProperties) = preSolution
		HideSolutionNode = FALSE
	EndGlobalSection
	GlobalSection(ExtensibilityGlobals) = postSolution
		SolutionGuid = {38EDF6C9-74EA-441B-A59A-D2873C202F62}
	EndGlobalSection
EndGlobal
