
Microsoft Visual Studio Solution File, Format Version 12.00
# Visual Studio Version 17
VisualStudioVersion = 17.6.33815.320
MinimumVisualStudioVersion = 10.0.40219.1
Project("{FAE04EC0-301F-11D3-BF4B-00C04F79EFBC}") = "winTcpServerQuiz", "winTcpServerQuiz\winTcpServerQuiz.csproj", "{A0377AD4-EC08-472D-8948-93A00AC72ECA}"
EndProject
Global
	GlobalSection(SolutionConfigurationPlatforms) = preSolution
		Debug|Any CPU = Debug|Any CPU
		Release|Any CPU = Release|Any CPU
	EndGlobalSection
	GlobalSection(ProjectConfigurationPlatforms) = postSolution
		{A0377AD4-EC08-472D-8948-93A00AC72ECA}.Debug|Any CPU.ActiveCfg = Debug|Any CPU
		{A0377AD4-EC08-472D-8948-93A00AC72ECA}.Debug|Any CPU.Build.0 = Debug|Any CPU
		{A0377AD4-EC08-472D-8948-93A00AC72ECA}.Release|Any CPU.ActiveCfg = Release|Any CPU
		{A0377AD4-EC08-472D-8948-93A00AC72ECA}.Release|Any CPU.Build.0 = Release|Any CPU
	EndGlobalSection
	GlobalSection(SolutionProperties) = preSolution
		HideSolutionNode = FALSE
	EndGlobalSection
	GlobalSection(ExtensibilityGlobals) = postSolution
		SolutionGuid = {2E271FAE-A70B-4F01-9FEB-75C7FEAC4783}
	EndGlobalSection
EndGlobal
