
Microsoft Visual Studio Solution File, Format Version 12.00
# Visual Studio Version 17
VisualStudioVersion = 17.6.33815.320
MinimumVisualStudioVersion = 10.0.40219.1
Project("{FAE04EC0-301F-11D3-BF4B-00C04F79EFBC}") = "indexerQuiz", "indexerQuiz\indexerQuiz.csproj", "{2249033C-0C54-48BB-8AEC-424D1FBA702D}"
EndProject
Global
	GlobalSection(SolutionConfigurationPlatforms) = preSolution
		Debug|Any CPU = Debug|Any CPU
		Release|Any CPU = Release|Any CPU
	EndGlobalSection
	GlobalSection(ProjectConfigurationPlatforms) = postSolution
		{2249033C-0C54-48BB-8AEC-424D1FBA702D}.Debug|Any CPU.ActiveCfg = Debug|Any CPU
		{2249033C-0C54-48BB-8AEC-424D1FBA702D}.Debug|Any CPU.Build.0 = Debug|Any CPU
		{2249033C-0C54-48BB-8AEC-424D1FBA702D}.Release|Any CPU.ActiveCfg = Release|Any CPU
		{2249033C-0C54-48BB-8AEC-424D1FBA702D}.Release|Any CPU.Build.0 = Release|Any CPU
	EndGlobalSection
	GlobalSection(SolutionProperties) = preSolution
		HideSolutionNode = FALSE
	EndGlobalSection
	GlobalSection(ExtensibilityGlobals) = postSolution
		SolutionGuid = {384F8A1C-C0A8-40DC-B733-11EA5597D51F}
	EndGlobalSection
EndGlobal
