
Microsoft Visual Studio Solution File, Format Version 12.00
# Visual Studio Version 17
VisualStudioVersion = 17.7.34009.444
MinimumVisualStudioVersion = 10.0.40219.1
Project("{FAE04EC0-301F-11D3-BF4B-00C04F79EFBC}") = "LInqConsol.eApp", "LInqConsol.eApp\LInqConsol.eApp.csproj", "{7055F5AD-7CCF-41B0-975D-78E3CAC86545}"
EndProject
Global
	GlobalSection(SolutionConfigurationPlatforms) = preSolution
		Debug|Any CPU = Debug|Any CPU
		Release|Any CPU = Release|Any CPU
	EndGlobalSection
	GlobalSection(ProjectConfigurationPlatforms) = postSolution
		{7055F5AD-7CCF-41B0-975D-78E3CAC86545}.Debug|Any CPU.ActiveCfg = Debug|Any CPU
		{7055F5AD-7CCF-41B0-975D-78E3CAC86545}.Debug|Any CPU.Build.0 = Debug|Any CPU
		{7055F5AD-7CCF-41B0-975D-78E3CAC86545}.Release|Any CPU.ActiveCfg = Release|Any CPU
		{7055F5AD-7CCF-41B0-975D-78E3CAC86545}.Release|Any CPU.Build.0 = Release|Any CPU
	EndGlobalSection
	GlobalSection(SolutionProperties) = preSolution
		HideSolutionNode = FALSE
	EndGlobalSection
	GlobalSection(ExtensibilityGlobals) = postSolution
		SolutionGuid = {23D3A6E6-982B-4EFE-8F67-F0BC42A447AE}
	EndGlobalSection
EndGlobal
