
Microsoft Visual Studio Solution File, Format Version 12.00
# Visual Studio Version 17
VisualStudioVersion = 17.6.33815.320
MinimumVisualStudioVersion = 10.0.40219.1
Project("{FAE04EC0-301F-11D3-BF4B-00C04F79EFBC}") = "selectquiz", "selectquiz\selectquiz.csproj", "{0DEEBACC-C218-4895-B9A2-C48E2DA0EE66}"
EndProject
Global
	GlobalSection(SolutionConfigurationPlatforms) = preSolution
		Debug|Any CPU = Debug|Any CPU
		Release|Any CPU = Release|Any CPU
	EndGlobalSection
	GlobalSection(ProjectConfigurationPlatforms) = postSolution
		{0DEEBACC-C218-4895-B9A2-C48E2DA0EE66}.Debug|Any CPU.ActiveCfg = Debug|Any CPU
		{0DEEBACC-C218-4895-B9A2-C48E2DA0EE66}.Debug|Any CPU.Build.0 = Debug|Any CPU
		{0DEEBACC-C218-4895-B9A2-C48E2DA0EE66}.Release|Any CPU.ActiveCfg = Release|Any CPU
		{0DEEBACC-C218-4895-B9A2-C48E2DA0EE66}.Release|Any CPU.Build.0 = Release|Any CPU
	EndGlobalSection
	GlobalSection(SolutionProperties) = preSolution
		HideSolutionNode = FALSE
	EndGlobalSection
	GlobalSection(ExtensibilityGlobals) = postSolution
		SolutionGuid = {3C9D4507-6CD4-4219-8AC0-B6AC42CFA8F4}
	EndGlobalSection
EndGlobal
