
Microsoft Visual Studio Solution File, Format Version 12.00
# Visual Studio Version 17
VisualStudioVersion = 17.6.33815.320
MinimumVisualStudioVersion = 10.0.40219.1
Project("{FAE04EC0-301F-11D3-BF4B-00C04F79EFBC}") = "boolapp", "boolapp\boolapp.csproj", "{43CE2A43-1D2A-4826-96F0-1877012ED672}"
EndProject
Global
	GlobalSection(SolutionConfigurationPlatforms) = preSolution
		Debug|Any CPU = Debug|Any CPU
		Release|Any CPU = Release|Any CPU
	EndGlobalSection
	GlobalSection(ProjectConfigurationPlatforms) = postSolution
		{43CE2A43-1D2A-4826-96F0-1877012ED672}.Debug|Any CPU.ActiveCfg = Debug|Any CPU
		{43CE2A43-1D2A-4826-96F0-1877012ED672}.Debug|Any CPU.Build.0 = Debug|Any CPU
		{43CE2A43-1D2A-4826-96F0-1877012ED672}.Release|Any CPU.ActiveCfg = Release|Any CPU
		{43CE2A43-1D2A-4826-96F0-1877012ED672}.Release|Any CPU.Build.0 = Release|Any CPU
	EndGlobalSection
	GlobalSection(SolutionProperties) = preSolution
		HideSolutionNode = FALSE
	EndGlobalSection
	GlobalSection(ExtensibilityGlobals) = postSolution
		SolutionGuid = {80DA607E-3186-4B7A-997E-34A71A271A6B}
	EndGlobalSection
EndGlobal
