
Microsoft Visual Studio Solution File, Format Version 12.00
# Visual Studio Version 17
VisualStudioVersion = 17.6.33815.320
MinimumVisualStudioVersion = 10.0.40219.1
Project("{FAE04EC0-301F-11D3-BF4B-00C04F79EFBC}") = "OraclsApp_create", "OraclsApp_create\OraclsApp_create.csproj", "{B1769C52-3CB2-473B-A94E-8599284458AF}"
EndProject
Global
	GlobalSection(SolutionConfigurationPlatforms) = preSolution
		Debug|Any CPU = Debug|Any CPU
		Release|Any CPU = Release|Any CPU
	EndGlobalSection
	GlobalSection(ProjectConfigurationPlatforms) = postSolution
		{B1769C52-3CB2-473B-A94E-8599284458AF}.Debug|Any CPU.ActiveCfg = Debug|Any CPU
		{B1769C52-3CB2-473B-A94E-8599284458AF}.Debug|Any CPU.Build.0 = Debug|Any CPU
		{B1769C52-3CB2-473B-A94E-8599284458AF}.Release|Any CPU.ActiveCfg = Release|Any CPU
		{B1769C52-3CB2-473B-A94E-8599284458AF}.Release|Any CPU.Build.0 = Release|Any CPU
	EndGlobalSection
	GlobalSection(SolutionProperties) = preSolution
		HideSolutionNode = FALSE
	EndGlobalSection
	GlobalSection(ExtensibilityGlobals) = postSolution
		SolutionGuid = {0AB9E2B8-BC49-4483-8F89-6ADFD3B0173B}
	EndGlobalSection
EndGlobal
