
Microsoft Visual Studio Solution File, Format Version 12.00
# Visual Studio Version 17
VisualStudioVersion = 17.6.33815.320
MinimumVisualStudioVersion = 10.0.40219.1
Project("{FAE04EC0-301F-11D3-BF4B-00C04F79EFBC}") = "ExceptionQuiz", "ExceptionQuiz\ExceptionQuiz.csproj", "{36FC1766-13E0-4EF0-B065-8F12DFD236C2}"
EndProject
Global
	GlobalSection(SolutionConfigurationPlatforms) = preSolution
		Debug|Any CPU = Debug|Any CPU
		Release|Any CPU = Release|Any CPU
	EndGlobalSection
	GlobalSection(ProjectConfigurationPlatforms) = postSolution
		{36FC1766-13E0-4EF0-B065-8F12DFD236C2}.Debug|Any CPU.ActiveCfg = Debug|Any CPU
		{36FC1766-13E0-4EF0-B065-8F12DFD236C2}.Debug|Any CPU.Build.0 = Debug|Any CPU
		{36FC1766-13E0-4EF0-B065-8F12DFD236C2}.Release|Any CPU.ActiveCfg = Release|Any CPU
		{36FC1766-13E0-4EF0-B065-8F12DFD236C2}.Release|Any CPU.Build.0 = Release|Any CPU
	EndGlobalSection
	GlobalSection(SolutionProperties) = preSolution
		HideSolutionNode = FALSE
	EndGlobalSection
	GlobalSection(ExtensibilityGlobals) = postSolution
		SolutionGuid = {A30BF96D-2827-4DC9-9B33-85126108A576}
	EndGlobalSection
EndGlobal
