
Microsoft Visual Studio Solution File, Format Version 12.00
# Visual Studio Version 17
VisualStudioVersion = 17.6.33815.320
MinimumVisualStudioVersion = 10.0.40219.1
Project("{FAE04EC0-301F-11D3-BF4B-00C04F79EFBC}") = "logFileQuiz", "logFileQuiz\logFileQuiz.csproj", "{2BF0AD67-257D-49D5-9989-D54994DA8327}"
EndProject
Global
	GlobalSection(SolutionConfigurationPlatforms) = preSolution
		Debug|Any CPU = Debug|Any CPU
		Release|Any CPU = Release|Any CPU
	EndGlobalSection
	GlobalSection(ProjectConfigurationPlatforms) = postSolution
		{2BF0AD67-257D-49D5-9989-D54994DA8327}.Debug|Any CPU.ActiveCfg = Debug|Any CPU
		{2BF0AD67-257D-49D5-9989-D54994DA8327}.Debug|Any CPU.Build.0 = Debug|Any CPU
		{2BF0AD67-257D-49D5-9989-D54994DA8327}.Release|Any CPU.ActiveCfg = Release|Any CPU
		{2BF0AD67-257D-49D5-9989-D54994DA8327}.Release|Any CPU.Build.0 = Release|Any CPU
	EndGlobalSection
	GlobalSection(SolutionProperties) = preSolution
		HideSolutionNode = FALSE
	EndGlobalSection
	GlobalSection(ExtensibilityGlobals) = postSolution
		SolutionGuid = {72D86666-441C-42B4-8C51-92BB0B144C32}
	EndGlobalSection
EndGlobal
