
Microsoft Visual Studio Solution File, Format Version 12.00
# Visual Studio Version 17
VisualStudioVersion = 17.7.34009.444
MinimumVisualStudioVersion = 10.0.40219.1
Project("{FAE04EC0-301F-11D3-BF4B-00C04F79EFBC}") = "ConsoleApp633", "ConsoleApp633\ConsoleApp633.csproj", "{DF07B8E4-8129-421B-BF18-DE03A5CEE5EE}"
EndProject
Global
	GlobalSection(SolutionConfigurationPlatforms) = preSolution
		Debug|Any CPU = Debug|Any CPU
		Release|Any CPU = Release|Any CPU
	EndGlobalSection
	GlobalSection(ProjectConfigurationPlatforms) = postSolution
		{DF07B8E4-8129-421B-BF18-DE03A5CEE5EE}.Debug|Any CPU.ActiveCfg = Debug|Any CPU
		{DF07B8E4-8129-421B-BF18-DE03A5CEE5EE}.Debug|Any CPU.Build.0 = Debug|Any CPU
		{DF07B8E4-8129-421B-BF18-DE03A5CEE5EE}.Release|Any CPU.ActiveCfg = Release|Any CPU
		{DF07B8E4-8129-421B-BF18-DE03A5CEE5EE}.Release|Any CPU.Build.0 = Release|Any CPU
	EndGlobalSection
	GlobalSection(SolutionProperties) = preSolution
		HideSolutionNode = FALSE
	EndGlobalSection
	GlobalSection(ExtensibilityGlobals) = postSolution
		SolutionGuid = {DDE9D79D-8DC4-4E96-9475-E1617BAC1D0B}
	EndGlobalSection
EndGlobal
