
Microsoft Visual Studio Solution File, Format Version 12.00
# Visual Studio Version 17
VisualStudioVersion = 17.6.33815.320
MinimumVisualStudioVersion = 10.0.40219.1
Project("{FAE04EC0-301F-11D3-BF4B-00C04F79EFBC}") = "P_526Quiz", "P_526Quiz\P_526Quiz.csproj", "{B7F32D06-A7C1-487C-B936-17556A464011}"
EndProject
Global
	GlobalSection(SolutionConfigurationPlatforms) = preSolution
		Debug|Any CPU = Debug|Any CPU
		Release|Any CPU = Release|Any CPU
	EndGlobalSection
	GlobalSection(ProjectConfigurationPlatforms) = postSolution
		{B7F32D06-A7C1-487C-B936-17556A464011}.Debug|Any CPU.ActiveCfg = Debug|Any CPU
		{B7F32D06-A7C1-487C-B936-17556A464011}.Debug|Any CPU.Build.0 = Debug|Any CPU
		{B7F32D06-A7C1-487C-B936-17556A464011}.Release|Any CPU.ActiveCfg = Release|Any CPU
		{B7F32D06-A7C1-487C-B936-17556A464011}.Release|Any CPU.Build.0 = Release|Any CPU
	EndGlobalSection
	GlobalSection(SolutionProperties) = preSolution
		HideSolutionNode = FALSE
	EndGlobalSection
	GlobalSection(ExtensibilityGlobals) = postSolution
		SolutionGuid = {BBDBDF06-AF9B-490D-B1DA-32905884B3C1}
	EndGlobalSection
EndGlobal
