
Microsoft Visual Studio Solution File, Format Version 12.00
# Visual Studio Version 17
VisualStudioVersion = 17.6.33815.320
MinimumVisualStudioVersion = 10.0.40219.1
Project("{FAE04EC0-301F-11D3-BF4B-00C04F79EFBC}") = "qustnryghks", "qustnryghks\qustnryghks.csproj", "{16091C0B-F3E0-47F4-B64A-E294BF4CF0BD}"
EndProject
Global
	GlobalSection(SolutionConfigurationPlatforms) = preSolution
		Debug|Any CPU = Debug|Any CPU
		Release|Any CPU = Release|Any CPU
	EndGlobalSection
	GlobalSection(ProjectConfigurationPlatforms) = postSolution
		{16091C0B-F3E0-47F4-B64A-E294BF4CF0BD}.Debug|Any CPU.ActiveCfg = Debug|Any CPU
		{16091C0B-F3E0-47F4-B64A-E294BF4CF0BD}.Debug|Any CPU.Build.0 = Debug|Any CPU
		{16091C0B-F3E0-47F4-B64A-E294BF4CF0BD}.Release|Any CPU.ActiveCfg = Release|Any CPU
		{16091C0B-F3E0-47F4-B64A-E294BF4CF0BD}.Release|Any CPU.Build.0 = Release|Any CPU
	EndGlobalSection
	GlobalSection(SolutionProperties) = preSolution
		HideSolutionNode = FALSE
	EndGlobalSection
	GlobalSection(ExtensibilityGlobals) = postSolution
		SolutionGuid = {56F1BBAB-A4C7-4BC4-872A-1EB98298654F}
	EndGlobalSection
EndGlobal
