
Microsoft Visual Studio Solution File, Format Version 12.00
# Visual Studio Version 17
VisualStudioVersion = 17.6.33815.320
MinimumVisualStudioVersion = 10.0.40219.1
Project("{FAE04EC0-301F-11D3-BF4B-00C04F79EFBC}") = "SimpleonsoleTcpserver", "SimpleonsoleTcpserver\SimpleonsoleTcpserver.csproj", "{431F8480-CA3C-4D9C-BC58-4A7EAD600696}"
EndProject
Global
	GlobalSection(SolutionConfigurationPlatforms) = preSolution
		Debug|Any CPU = Debug|Any CPU
		Release|Any CPU = Release|Any CPU
	EndGlobalSection
	GlobalSection(ProjectConfigurationPlatforms) = postSolution
		{431F8480-CA3C-4D9C-BC58-4A7EAD600696}.Debug|Any CPU.ActiveCfg = Debug|Any CPU
		{431F8480-CA3C-4D9C-BC58-4A7EAD600696}.Debug|Any CPU.Build.0 = Debug|Any CPU
		{431F8480-CA3C-4D9C-BC58-4A7EAD600696}.Release|Any CPU.ActiveCfg = Release|Any CPU
		{431F8480-CA3C-4D9C-BC58-4A7EAD600696}.Release|Any CPU.Build.0 = Release|Any CPU
	EndGlobalSection
	GlobalSection(SolutionProperties) = preSolution
		HideSolutionNode = FALSE
	EndGlobalSection
	GlobalSection(ExtensibilityGlobals) = postSolution
		SolutionGuid = {6996855E-3E20-40C0-9DED-AA1F7FE98445}
	EndGlobalSection
EndGlobal
