
Microsoft Visual Studio Solution File, Format Version 12.00
# Visual Studio Version 17
VisualStudioVersion = 17.6.33815.320
MinimumVisualStudioVersion = 10.0.40219.1
Project("{FAE04EC0-301F-11D3-BF4B-00C04F79EFBC}") = "initOnlyApp", "initOnlyApp\initOnlyApp.csproj", "{95544892-2C18-419B-8E6F-DC3A0D921AD8}"
EndProject
Global
	GlobalSection(SolutionConfigurationPlatforms) = preSolution
		Debug|Any CPU = Debug|Any CPU
		Release|Any CPU = Release|Any CPU
	EndGlobalSection
	GlobalSection(ProjectConfigurationPlatforms) = postSolution
		{95544892-2C18-419B-8E6F-DC3A0D921AD8}.Debug|Any CPU.ActiveCfg = Debug|Any CPU
		{95544892-2C18-419B-8E6F-DC3A0D921AD8}.Debug|Any CPU.Build.0 = Debug|Any CPU
		{95544892-2C18-419B-8E6F-DC3A0D921AD8}.Release|Any CPU.ActiveCfg = Release|Any CPU
		{95544892-2C18-419B-8E6F-DC3A0D921AD8}.Release|Any CPU.Build.0 = Release|Any CPU
	EndGlobalSection
	GlobalSection(SolutionProperties) = preSolution
		HideSolutionNode = FALSE
	EndGlobalSection
	GlobalSection(ExtensibilityGlobals) = postSolution
		SolutionGuid = {5DFE176F-82FB-46FF-AF7B-F47557C9BD5C}
	EndGlobalSection
EndGlobal
