
Microsoft Visual Studio Solution File, Format Version 12.00
# Visual Studio Version 17
VisualStudioVersion = 17.6.33815.320
MinimumVisualStudioVersion = 10.0.40219.1
Project("{FAE04EC0-301F-11D3-BF4B-00C04F79EFBC}") = "whiletest", "whiletest\whiletest.csproj", "{7C7E7874-B61B-419E-82B3-187DB0BDF23C}"
EndProject
Global
	GlobalSection(SolutionConfigurationPlatforms) = preSolution
		Debug|Any CPU = Debug|Any CPU
		Release|Any CPU = Release|Any CPU
	EndGlobalSection
	GlobalSection(ProjectConfigurationPlatforms) = postSolution
		{7C7E7874-B61B-419E-82B3-187DB0BDF23C}.Debug|Any CPU.ActiveCfg = Debug|Any CPU
		{7C7E7874-B61B-419E-82B3-187DB0BDF23C}.Debug|Any CPU.Build.0 = Debug|Any CPU
		{7C7E7874-B61B-419E-82B3-187DB0BDF23C}.Release|Any CPU.ActiveCfg = Release|Any CPU
		{7C7E7874-B61B-419E-82B3-187DB0BDF23C}.Release|Any CPU.Build.0 = Release|Any CPU
	EndGlobalSection
	GlobalSection(SolutionProperties) = preSolution
		HideSolutionNode = FALSE
	EndGlobalSection
	GlobalSection(ExtensibilityGlobals) = postSolution
		SolutionGuid = {E5448F97-41BA-428A-B5A9-C0C63DD1089E}
	EndGlobalSection
EndGlobal
