
Microsoft Visual Studio Solution File, Format Version 12.00
# Visual Studio Version 17
VisualStudioVersion = 17.6.33815.320
MinimumVisualStudioVersion = 10.0.40219.1
Project("{FAE04EC0-301F-11D3-BF4B-00C04F79EFBC}") = "forapp001", "forapp001\forapp001.csproj", "{91D45F21-2CD7-4730-80CB-D2929E42D38B}"
EndProject
Global
	GlobalSection(SolutionConfigurationPlatforms) = preSolution
		Debug|Any CPU = Debug|Any CPU
		Release|Any CPU = Release|Any CPU
	EndGlobalSection
	GlobalSection(ProjectConfigurationPlatforms) = postSolution
		{91D45F21-2CD7-4730-80CB-D2929E42D38B}.Debug|Any CPU.ActiveCfg = Debug|Any CPU
		{91D45F21-2CD7-4730-80CB-D2929E42D38B}.Debug|Any CPU.Build.0 = Debug|Any CPU
		{91D45F21-2CD7-4730-80CB-D2929E42D38B}.Release|Any CPU.ActiveCfg = Release|Any CPU
		{91D45F21-2CD7-4730-80CB-D2929E42D38B}.Release|Any CPU.Build.0 = Release|Any CPU
	EndGlobalSection
	GlobalSection(SolutionProperties) = preSolution
		HideSolutionNode = FALSE
	EndGlobalSection
	GlobalSection(ExtensibilityGlobals) = postSolution
		SolutionGuid = {8E8D11DC-5396-4815-B7B6-45449C15ECF7}
	EndGlobalSection
EndGlobal
