
Microsoft Visual Studio Solution File, Format Version 12.00
# Visual Studio Version 17
VisualStudioVersion = 17.7.34009.444
MinimumVisualStudioVersion = 10.0.40219.1
Project("{FAE04EC0-301F-11D3-BF4B-00C04F79EFBC}") = "REdblueTomato", "REdblueTomato\REdblueTomato.csproj", "{05B2D4F2-EEE9-4168-AEB9-71F6AB208036}"
EndProject
Global
	GlobalSection(SolutionConfigurationPlatforms) = preSolution
		Debug|Any CPU = Debug|Any CPU
		Release|Any CPU = Release|Any CPU
	EndGlobalSection
	GlobalSection(ProjectConfigurationPlatforms) = postSolution
		{05B2D4F2-EEE9-4168-AEB9-71F6AB208036}.Debug|Any CPU.ActiveCfg = Debug|Any CPU
		{05B2D4F2-EEE9-4168-AEB9-71F6AB208036}.Debug|Any CPU.Build.0 = Debug|Any CPU
		{05B2D4F2-EEE9-4168-AEB9-71F6AB208036}.Release|Any CPU.ActiveCfg = Release|Any CPU
		{05B2D4F2-EEE9-4168-AEB9-71F6AB208036}.Release|Any CPU.Build.0 = Release|Any CPU
	EndGlobalSection
	GlobalSection(SolutionProperties) = preSolution
		HideSolutionNode = FALSE
	EndGlobalSection
	GlobalSection(ExtensibilityGlobals) = postSolution
		SolutionGuid = {7490B100-A27D-412C-91F0-3A037A79267C}
	EndGlobalSection
EndGlobal
