
Microsoft Visual Studio Solution File, Format Version 12.00
# Visual Studio Version 17
VisualStudioVersion = 17.7.34009.444
MinimumVisualStudioVersion = 10.0.40219.1
Project("{FAE04EC0-301F-11D3-BF4B-00C04F79EFBC}") = "LinqConosoleApp02", "LinqConosoleApp02\LinqConosoleApp02.csproj", "{8B2E5F74-FA7A-4AE7-ACD7-A5FD02C4D099}"
EndProject
Global
	GlobalSection(SolutionConfigurationPlatforms) = preSolution
		Debug|Any CPU = Debug|Any CPU
		Release|Any CPU = Release|Any CPU
	EndGlobalSection
	GlobalSection(ProjectConfigurationPlatforms) = postSolution
		{8B2E5F74-FA7A-4AE7-ACD7-A5FD02C4D099}.Debug|Any CPU.ActiveCfg = Debug|Any CPU
		{8B2E5F74-FA7A-4AE7-ACD7-A5FD02C4D099}.Debug|Any CPU.Build.0 = Debug|Any CPU
		{8B2E5F74-FA7A-4AE7-ACD7-A5FD02C4D099}.Release|Any CPU.ActiveCfg = Release|Any CPU
		{8B2E5F74-FA7A-4AE7-ACD7-A5FD02C4D099}.Release|Any CPU.Build.0 = Release|Any CPU
	EndGlobalSection
	GlobalSection(SolutionProperties) = preSolution
		HideSolutionNode = FALSE
	EndGlobalSection
	GlobalSection(ExtensibilityGlobals) = postSolution
		SolutionGuid = {C4A38190-8172-4F1B-86C5-D943B00C5E17}
	EndGlobalSection
EndGlobal
