
Microsoft Visual Studio Solution File, Format Version 12.00
# Visual Studio Version 17
VisualStudioVersion = 17.7.34009.444
MinimumVisualStudioVersion = 10.0.40219.1
Project("{FAE04EC0-301F-11D3-BF4B-00C04F79EFBC}") = "Ex5.3", "Ex5.3\Ex5.3.csproj", "{F1D23933-2CB2-4F38-8B92-0A0F5C120FCC}"
EndProject
Global
	GlobalSection(SolutionConfigurationPlatforms) = preSolution
		Debug|Any CPU = Debug|Any CPU
		Release|Any CPU = Release|Any CPU
	EndGlobalSection
	GlobalSection(ProjectConfigurationPlatforms) = postSolution
		{F1D23933-2CB2-4F38-8B92-0A0F5C120FCC}.Debug|Any CPU.ActiveCfg = Debug|Any CPU
		{F1D23933-2CB2-4F38-8B92-0A0F5C120FCC}.Debug|Any CPU.Build.0 = Debug|Any CPU
		{F1D23933-2CB2-4F38-8B92-0A0F5C120FCC}.Release|Any CPU.ActiveCfg = Release|Any CPU
		{F1D23933-2CB2-4F38-8B92-0A0F5C120FCC}.Release|Any CPU.Build.0 = Release|Any CPU
	EndGlobalSection
	GlobalSection(SolutionProperties) = preSolution
		HideSolutionNode = FALSE
	EndGlobalSection
	GlobalSection(ExtensibilityGlobals) = postSolution
		SolutionGuid = {41B35EF3-A19A-44FA-9910-1E40C9AB38E3}
	EndGlobalSection
EndGlobal
