
Microsoft Visual Studio Solution File, Format Version 12.00
# Visual Studio Version 17
VisualStudioVersion = 17.6.33815.320
MinimumVisualStudioVersion = 10.0.40219.1
Project("{FAE04EC0-301F-11D3-BF4B-00C04F79EFBC}") = "quiz1", "quiz1\quiz1.csproj", "{F85A4B3E-0C00-4232-989D-8B4A6B1E444E}"
EndProject
Global
	GlobalSection(SolutionConfigurationPlatforms) = preSolution
		Debug|Any CPU = Debug|Any CPU
		Release|Any CPU = Release|Any CPU
	EndGlobalSection
	GlobalSection(ProjectConfigurationPlatforms) = postSolution
		{F85A4B3E-0C00-4232-989D-8B4A6B1E444E}.Debug|Any CPU.ActiveCfg = Debug|Any CPU
		{F85A4B3E-0C00-4232-989D-8B4A6B1E444E}.Debug|Any CPU.Build.0 = Debug|Any CPU
		{F85A4B3E-0C00-4232-989D-8B4A6B1E444E}.Release|Any CPU.ActiveCfg = Release|Any CPU
		{F85A4B3E-0C00-4232-989D-8B4A6B1E444E}.Release|Any CPU.Build.0 = Release|Any CPU
	EndGlobalSection
	GlobalSection(SolutionProperties) = preSolution
		HideSolutionNode = FALSE
	EndGlobalSection
	GlobalSection(ExtensibilityGlobals) = postSolution
		SolutionGuid = {BD01CAFE-8EC6-4551-92A3-610012088473}
	EndGlobalSection
EndGlobal
