
Microsoft Visual Studio Solution File, Format Version 12.00
# Visual Studio Version 17
VisualStudioVersion = 17.6.33815.320
MinimumVisualStudioVersion = 10.0.40219.1
Project("{FAE04EC0-301F-11D3-BF4B-00C04F79EFBC}") = "OOPapp006", "OOPapp006\OOPapp006.csproj", "{9305E2C0-BA40-459C-A439-AF77E7332872}"
EndProject
Global
	GlobalSection(SolutionConfigurationPlatforms) = preSolution
		Debug|Any CPU = Debug|Any CPU
		Release|Any CPU = Release|Any CPU
	EndGlobalSection
	GlobalSection(ProjectConfigurationPlatforms) = postSolution
		{9305E2C0-BA40-459C-A439-AF77E7332872}.Debug|Any CPU.ActiveCfg = Debug|Any CPU
		{9305E2C0-BA40-459C-A439-AF77E7332872}.Debug|Any CPU.Build.0 = Debug|Any CPU
		{9305E2C0-BA40-459C-A439-AF77E7332872}.Release|Any CPU.ActiveCfg = Release|Any CPU
		{9305E2C0-BA40-459C-A439-AF77E7332872}.Release|Any CPU.Build.0 = Release|Any CPU
	EndGlobalSection
	GlobalSection(SolutionProperties) = preSolution
		HideSolutionNode = FALSE
	EndGlobalSection
	GlobalSection(ExtensibilityGlobals) = postSolution
		SolutionGuid = {642063E5-4265-4873-BAF2-EC310EC20324}
	EndGlobalSection
EndGlobal
