
Microsoft Visual Studio Solution File, Format Version 12.00
# Visual Studio Version 17
VisualStudioVersion = 17.6.33815.320
MinimumVisualStudioVersion = 10.0.40219.1
Project("{FAE04EC0-301F-11D3-BF4B-00C04F79EFBC}") = "DFDF", "DFDF\DFDF.csproj", "{6444F3B3-342F-427D-B9D8-3A4BF347FB6A}"
EndProject
Global
	GlobalSection(SolutionConfigurationPlatforms) = preSolution
		Debug|Any CPU = Debug|Any CPU
		Release|Any CPU = Release|Any CPU
	EndGlobalSection
	GlobalSection(ProjectConfigurationPlatforms) = postSolution
		{6444F3B3-342F-427D-B9D8-3A4BF347FB6A}.Debug|Any CPU.ActiveCfg = Debug|Any CPU
		{6444F3B3-342F-427D-B9D8-3A4BF347FB6A}.Debug|Any CPU.Build.0 = Debug|Any CPU
		{6444F3B3-342F-427D-B9D8-3A4BF347FB6A}.Release|Any CPU.ActiveCfg = Release|Any CPU
		{6444F3B3-342F-427D-B9D8-3A4BF347FB6A}.Release|Any CPU.Build.0 = Release|Any CPU
	EndGlobalSection
	GlobalSection(SolutionProperties) = preSolution
		HideSolutionNode = FALSE
	EndGlobalSection
	GlobalSection(ExtensibilityGlobals) = postSolution
		SolutionGuid = {E03C140C-9E4E-404E-BAC9-865154154792}
	EndGlobalSection
EndGlobal
