
Microsoft Visual Studio Solution File, Format Version 12.00
# Visual Studio Version 17
VisualStudioVersion = 17.6.33815.320
MinimumVisualStudioVersion = 10.0.40219.1
Project("{FAE04EC0-301F-11D3-BF4B-00C04F79EFBC}") = "MeThod1", "MeThod1\MeThod1.csproj", "{D0AC96CB-7B60-48BC-B3BC-874A23F32A82}"
EndProject
Global
	GlobalSection(SolutionConfigurationPlatforms) = preSolution
		Debug|Any CPU = Debug|Any CPU
		Release|Any CPU = Release|Any CPU
	EndGlobalSection
	GlobalSection(ProjectConfigurationPlatforms) = postSolution
		{D0AC96CB-7B60-48BC-B3BC-874A23F32A82}.Debug|Any CPU.ActiveCfg = Debug|Any CPU
		{D0AC96CB-7B60-48BC-B3BC-874A23F32A82}.Debug|Any CPU.Build.0 = Debug|Any CPU
		{D0AC96CB-7B60-48BC-B3BC-874A23F32A82}.Release|Any CPU.ActiveCfg = Release|Any CPU
		{D0AC96CB-7B60-48BC-B3BC-874A23F32A82}.Release|Any CPU.Build.0 = Release|Any CPU
	EndGlobalSection
	GlobalSection(SolutionProperties) = preSolution
		HideSolutionNode = FALSE
	EndGlobalSection
	GlobalSection(ExtensibilityGlobals) = postSolution
		SolutionGuid = {F8F0E781-B641-415B-9ABA-158D61ED5C72}
	EndGlobalSection
EndGlobal
