
Microsoft Visual Studio Solution File, Format Version 12.00
# Visual Studio Version 17
VisualStudioVersion = 17.6.33815.320
MinimumVisualStudioVersion = 10.0.40219.1
Project("{FAE04EC0-301F-11D3-BF4B-00C04F79EFBC}") = "indexer", "indexer\indexer.csproj", "{008C9790-E198-4D37-A67E-7E107837802D}"
EndProject
Global
	GlobalSection(SolutionConfigurationPlatforms) = preSolution
		Debug|Any CPU = Debug|Any CPU
		Release|Any CPU = Release|Any CPU
	EndGlobalSection
	GlobalSection(ProjectConfigurationPlatforms) = postSolution
		{008C9790-E198-4D37-A67E-7E107837802D}.Debug|Any CPU.ActiveCfg = Debug|Any CPU
		{008C9790-E198-4D37-A67E-7E107837802D}.Debug|Any CPU.Build.0 = Debug|Any CPU
		{008C9790-E198-4D37-A67E-7E107837802D}.Release|Any CPU.ActiveCfg = Release|Any CPU
		{008C9790-E198-4D37-A67E-7E107837802D}.Release|Any CPU.Build.0 = Release|Any CPU
	EndGlobalSection
	GlobalSection(SolutionProperties) = preSolution
		HideSolutionNode = FALSE
	EndGlobalSection
	GlobalSection(ExtensibilityGlobals) = postSolution
		SolutionGuid = {A5544DE8-A9CB-4807-AF81-94A8CB9FB3A0}
	EndGlobalSection
EndGlobal
