
Microsoft Visual Studio Solution File, Format Version 12.00
# Visual Studio Version 17
VisualStudioVersion = 17.6.33815.320
MinimumVisualStudioVersion = 10.0.40219.1
Project("{FAE04EC0-301F-11D3-BF4B-00C04F79EFBC}") = "sma", "sma\sma.csproj", "{03478396-F39C-4ECA-AA3E-D80A7909B45F}"
EndProject
Global
	GlobalSection(SolutionConfigurationPlatforms) = preSolution
		Debug|Any CPU = Debug|Any CPU
		Release|Any CPU = Release|Any CPU
	EndGlobalSection
	GlobalSection(ProjectConfigurationPlatforms) = postSolution
		{03478396-F39C-4ECA-AA3E-D80A7909B45F}.Debug|Any CPU.ActiveCfg = Debug|Any CPU
		{03478396-F39C-4ECA-AA3E-D80A7909B45F}.Debug|Any CPU.Build.0 = Debug|Any CPU
		{03478396-F39C-4ECA-AA3E-D80A7909B45F}.Release|Any CPU.ActiveCfg = Release|Any CPU
		{03478396-F39C-4ECA-AA3E-D80A7909B45F}.Release|Any CPU.Build.0 = Release|Any CPU
	EndGlobalSection
	GlobalSection(SolutionProperties) = preSolution
		HideSolutionNode = FALSE
	EndGlobalSection
	GlobalSection(ExtensibilityGlobals) = postSolution
		SolutionGuid = {57405517-10B9-4B89-861D-8EC362C3BA3D}
	EndGlobalSection
EndGlobal
