
Microsoft Visual Studio Solution File, Format Version 12.00
# Visual Studio Version 17
VisualStudioVersion = 17.6.33815.320
MinimumVisualStudioVersion = 10.0.40219.1
Project("{FAE04EC0-301F-11D3-BF4B-00C04F79EFBC}") = "CopyQuiz", "CopyQuiz\CopyQuiz.csproj", "{2B77B48F-F82E-427A-8F67-FE9B668710F9}"
EndProject
Global
	GlobalSection(SolutionConfigurationPlatforms) = preSolution
		Debug|Any CPU = Debug|Any CPU
		Release|Any CPU = Release|Any CPU
	EndGlobalSection
	GlobalSection(ProjectConfigurationPlatforms) = postSolution
		{2B77B48F-F82E-427A-8F67-FE9B668710F9}.Debug|Any CPU.ActiveCfg = Debug|Any CPU
		{2B77B48F-F82E-427A-8F67-FE9B668710F9}.Debug|Any CPU.Build.0 = Debug|Any CPU
		{2B77B48F-F82E-427A-8F67-FE9B668710F9}.Release|Any CPU.ActiveCfg = Release|Any CPU
		{2B77B48F-F82E-427A-8F67-FE9B668710F9}.Release|Any CPU.Build.0 = Release|Any CPU
	EndGlobalSection
	GlobalSection(SolutionProperties) = preSolution
		HideSolutionNode = FALSE
	EndGlobalSection
	GlobalSection(ExtensibilityGlobals) = postSolution
		SolutionGuid = {FA443172-D9BB-49E9-89FD-E40127249A00}
	EndGlobalSection
EndGlobal
