
Microsoft Visual Studio Solution File, Format Version 12.00
# Visual Studio Version 17
VisualStudioVersion = 17.6.33815.320
MinimumVisualStudioVersion = 10.0.40219.1
Project("{FAE04EC0-301F-11D3-BF4B-00C04F79EFBC}") = "NestedClassApp", "NestedClassApp\NestedClassApp.csproj", "{34CD445D-005B-4DD1-ADEE-005A4D38F987}"
EndProject
Global
	GlobalSection(SolutionConfigurationPlatforms) = preSolution
		Debug|Any CPU = Debug|Any CPU
		Release|Any CPU = Release|Any CPU
	EndGlobalSection
	GlobalSection(ProjectConfigurationPlatforms) = postSolution
		{34CD445D-005B-4DD1-ADEE-005A4D38F987}.Debug|Any CPU.ActiveCfg = Debug|Any CPU
		{34CD445D-005B-4DD1-ADEE-005A4D38F987}.Debug|Any CPU.Build.0 = Debug|Any CPU
		{34CD445D-005B-4DD1-ADEE-005A4D38F987}.Release|Any CPU.ActiveCfg = Release|Any CPU
		{34CD445D-005B-4DD1-ADEE-005A4D38F987}.Release|Any CPU.Build.0 = Release|Any CPU
	EndGlobalSection
	GlobalSection(SolutionProperties) = preSolution
		HideSolutionNode = FALSE
	EndGlobalSection
	GlobalSection(ExtensibilityGlobals) = postSolution
		SolutionGuid = {38384720-E790-4725-8E0F-D9F6A1EF86DF}
	EndGlobalSection
EndGlobal
