
Microsoft Visual Studio Solution File, Format Version 12.00
# Visual Studio Version 17
VisualStudioVersion = 17.7.34009.444
MinimumVisualStudioVersion = 10.0.40219.1
Project("{FAE04EC0-301F-11D3-BF4B-00C04F79EFBC}") = "ChannelMerge", "ChannelMerge\ChannelMerge.csproj", "{15447BB1-3249-4D02-A4CE-FD91C2F3DD13}"
EndProject
Global
	GlobalSection(SolutionConfigurationPlatforms) = preSolution
		Debug|Any CPU = Debug|Any CPU
		Release|Any CPU = Release|Any CPU
	EndGlobalSection
	GlobalSection(ProjectConfigurationPlatforms) = postSolution
		{15447BB1-3249-4D02-A4CE-FD91C2F3DD13}.Debug|Any CPU.ActiveCfg = Debug|Any CPU
		{15447BB1-3249-4D02-A4CE-FD91C2F3DD13}.Debug|Any CPU.Build.0 = Debug|Any CPU
		{15447BB1-3249-4D02-A4CE-FD91C2F3DD13}.Release|Any CPU.ActiveCfg = Release|Any CPU
		{15447BB1-3249-4D02-A4CE-FD91C2F3DD13}.Release|Any CPU.Build.0 = Release|Any CPU
	EndGlobalSection
	GlobalSection(SolutionProperties) = preSolution
		HideSolutionNode = FALSE
	EndGlobalSection
	GlobalSection(ExtensibilityGlobals) = postSolution
		SolutionGuid = {16278D03-E200-4BB1-BE7C-756596639C67}
	EndGlobalSection
EndGlobal
