
Microsoft Visual Studio Solution File, Format Version 12.00
# Visual Studio Version 17
VisualStudioVersion = 17.6.33815.320
MinimumVisualStudioVersion = 10.0.40219.1
Project("{FAE04EC0-301F-11D3-BF4B-00C04F79EFBC}") = "app001", "app001\app001.csproj", "{448665C9-0645-4CD1-8E56-AC27D1241E49}"
EndProject
Global
	GlobalSection(SolutionConfigurationPlatforms) = preSolution
		Debug|Any CPU = Debug|Any CPU
		Release|Any CPU = Release|Any CPU
	EndGlobalSection
	GlobalSection(ProjectConfigurationPlatforms) = postSolution
		{448665C9-0645-4CD1-8E56-AC27D1241E49}.Debug|Any CPU.ActiveCfg = Debug|Any CPU
		{448665C9-0645-4CD1-8E56-AC27D1241E49}.Debug|Any CPU.Build.0 = Debug|Any CPU
		{448665C9-0645-4CD1-8E56-AC27D1241E49}.Release|Any CPU.ActiveCfg = Release|Any CPU
		{448665C9-0645-4CD1-8E56-AC27D1241E49}.Release|Any CPU.Build.0 = Release|Any CPU
	EndGlobalSection
	GlobalSection(SolutionProperties) = preSolution
		HideSolutionNode = FALSE
	EndGlobalSection
	GlobalSection(ExtensibilityGlobals) = postSolution
		SolutionGuid = {DCF6D901-01BB-456D-943D-55B921484A3D}
	EndGlobalSection
EndGlobal
