
Microsoft Visual Studio Solution File, Format Version 12.00
# Visual Studio Version 17
VisualStudioVersion = 17.7.34009.444
MinimumVisualStudioVersion = 10.0.40219.1
Project("{FAE04EC0-301F-11D3-BF4B-00C04F79EFBC}") = "ObjTypeView", "ObjTypeView\ObjTypeView.csproj", "{FEA099AE-9246-4D7A-9A90-9FF8D56028B8}"
EndProject
Global
	GlobalSection(SolutionConfigurationPlatforms) = preSolution
		Debug|Any CPU = Debug|Any CPU
		Release|Any CPU = Release|Any CPU
	EndGlobalSection
	GlobalSection(ProjectConfigurationPlatforms) = postSolution
		{FEA099AE-9246-4D7A-9A90-9FF8D56028B8}.Debug|Any CPU.ActiveCfg = Debug|Any CPU
		{FEA099AE-9246-4D7A-9A90-9FF8D56028B8}.Debug|Any CPU.Build.0 = Debug|Any CPU
		{FEA099AE-9246-4D7A-9A90-9FF8D56028B8}.Release|Any CPU.ActiveCfg = Release|Any CPU
		{FEA099AE-9246-4D7A-9A90-9FF8D56028B8}.Release|Any CPU.Build.0 = Release|Any CPU
	EndGlobalSection
	GlobalSection(SolutionProperties) = preSolution
		HideSolutionNode = FALSE
	EndGlobalSection
	GlobalSection(ExtensibilityGlobals) = postSolution
		SolutionGuid = {571633C8-89AC-41E5-8008-8F8FA219707B}
	EndGlobalSection
EndGlobal
