
Microsoft Visual Studio Solution File, Format Version 12.00
# Visual Studio Version 17
VisualStudioVersion = 17.6.33815.320
MinimumVisualStudioVersion = 10.0.40219.1
Project("{FAE04EC0-301F-11D3-BF4B-00C04F79EFBC}") = "generic02", "generic02\generic02.csproj", "{60489042-370D-4ADB-B5D5-AC87C570D326}"
EndProject
Global
	GlobalSection(SolutionConfigurationPlatforms) = preSolution
		Debug|Any CPU = Debug|Any CPU
		Release|Any CPU = Release|Any CPU
	EndGlobalSection
	GlobalSection(ProjectConfigurationPlatforms) = postSolution
		{60489042-370D-4ADB-B5D5-AC87C570D326}.Debug|Any CPU.ActiveCfg = Debug|Any CPU
		{60489042-370D-4ADB-B5D5-AC87C570D326}.Debug|Any CPU.Build.0 = Debug|Any CPU
		{60489042-370D-4ADB-B5D5-AC87C570D326}.Release|Any CPU.ActiveCfg = Release|Any CPU
		{60489042-370D-4ADB-B5D5-AC87C570D326}.Release|Any CPU.Build.0 = Release|Any CPU
	EndGlobalSection
	GlobalSection(SolutionProperties) = preSolution
		HideSolutionNode = FALSE
	EndGlobalSection
	GlobalSection(ExtensibilityGlobals) = postSolution
		SolutionGuid = {1629D001-0276-4284-A587-8B9B09B85C23}
	EndGlobalSection
EndGlobal
