
Microsoft Visual Studio Solution File, Format Version 12.00
# Visual Studio Version 17
VisualStudioVersion = 17.7.34009.444
MinimumVisualStudioVersion = 10.0.40219.1
Project("{FAE04EC0-301F-11D3-BF4B-00C04F79EFBC}") = "MouseEventOpenCv", "MouseEventOpenCv\MouseEventOpenCv.csproj", "{BDFE1C95-C921-46F1-9756-DE177835CA90}"
EndProject
Global
	GlobalSection(SolutionConfigurationPlatforms) = preSolution
		Debug|Any CPU = Debug|Any CPU
		Release|Any CPU = Release|Any CPU
	EndGlobalSection
	GlobalSection(ProjectConfigurationPlatforms) = postSolution
		{BDFE1C95-C921-46F1-9756-DE177835CA90}.Debug|Any CPU.ActiveCfg = Debug|Any CPU
		{BDFE1C95-C921-46F1-9756-DE177835CA90}.Debug|Any CPU.Build.0 = Debug|Any CPU
		{BDFE1C95-C921-46F1-9756-DE177835CA90}.Release|Any CPU.ActiveCfg = Release|Any CPU
		{BDFE1C95-C921-46F1-9756-DE177835CA90}.Release|Any CPU.Build.0 = Release|Any CPU
	EndGlobalSection
	GlobalSection(SolutionProperties) = preSolution
		HideSolutionNode = FALSE
	EndGlobalSection
	GlobalSection(ExtensibilityGlobals) = postSolution
		SolutionGuid = {BF36BF89-5CC4-4C40-BE14-95A7BFC32221}
	EndGlobalSection
EndGlobal
