
Microsoft Visual Studio Solution File, Format Version 12.00
# Visual Studio Version 17
VisualStudioVersion = 17.6.33815.320
MinimumVisualStudioVersion = 10.0.40219.1
Project("{FAE04EC0-301F-11D3-BF4B-00C04F79EFBC}") = "LamdaAppExam", "LamdaAppExam\LamdaAppExam.csproj", "{4B7B1516-8127-476C-8C51-9357BC57EF4C}"
EndProject
Global
	GlobalSection(SolutionConfigurationPlatforms) = preSolution
		Debug|Any CPU = Debug|Any CPU
		Release|Any CPU = Release|Any CPU
	EndGlobalSection
	GlobalSection(ProjectConfigurationPlatforms) = postSolution
		{4B7B1516-8127-476C-8C51-9357BC57EF4C}.Debug|Any CPU.ActiveCfg = Debug|Any CPU
		{4B7B1516-8127-476C-8C51-9357BC57EF4C}.Debug|Any CPU.Build.0 = Debug|Any CPU
		{4B7B1516-8127-476C-8C51-9357BC57EF4C}.Release|Any CPU.ActiveCfg = Release|Any CPU
		{4B7B1516-8127-476C-8C51-9357BC57EF4C}.Release|Any CPU.Build.0 = Release|Any CPU
	EndGlobalSection
	GlobalSection(SolutionProperties) = preSolution
		HideSolutionNode = FALSE
	EndGlobalSection
	GlobalSection(ExtensibilityGlobals) = postSolution
		SolutionGuid = {8CB3E9FC-E3E7-4C8D-9FBC-EA6C01749F89}
	EndGlobalSection
EndGlobal
