
Microsoft Visual Studio Solution File, Format Version 12.00
# Visual Studio Version 17
VisualStudioVersion = 17.7.34009.444
MinimumVisualStudioVersion = 10.0.40219.1
Project("{FAE04EC0-301F-11D3-BF4B-00C04F79EFBC}") = "MVC_Model3", "MVC_Model3\MVC_Model3.csproj", "{85BF7500-FA6A-4C80-B333-2407AFCBCF15}"
EndProject
Global
	GlobalSection(SolutionConfigurationPlatforms) = preSolution
		Debug|Any CPU = Debug|Any CPU
		Release|Any CPU = Release|Any CPU
	EndGlobalSection
	GlobalSection(ProjectConfigurationPlatforms) = postSolution
		{85BF7500-FA6A-4C80-B333-2407AFCBCF15}.Debug|Any CPU.ActiveCfg = Debug|Any CPU
		{85BF7500-FA6A-4C80-B333-2407AFCBCF15}.Debug|Any CPU.Build.0 = Debug|Any CPU
		{85BF7500-FA6A-4C80-B333-2407AFCBCF15}.Release|Any CPU.ActiveCfg = Release|Any CPU
		{85BF7500-FA6A-4C80-B333-2407AFCBCF15}.Release|Any CPU.Build.0 = Release|Any CPU
	EndGlobalSection
	GlobalSection(SolutionProperties) = preSolution
		HideSolutionNode = FALSE
	EndGlobalSection
	GlobalSection(ExtensibilityGlobals) = postSolution
		SolutionGuid = {172172EC-C611-46EC-9ACC-5CA033BB95B5}
	EndGlobalSection
EndGlobal
