
Microsoft Visual Studio Solution File, Format Version 12.00
# Visual Studio Version 17
VisualStudioVersion = 17.6.33815.320
MinimumVisualStudioVersion = 10.0.40219.1
Project("{FAE04EC0-301F-11D3-BF4B-00C04F79EFBC}") = "quiz14", "quiz14\quiz14.csproj", "{823C21F5-5C32-47FE-B312-90830490C4D4}"
EndProject
Global
	GlobalSection(SolutionConfigurationPlatforms) = preSolution
		Debug|Any CPU = Debug|Any CPU
		Release|Any CPU = Release|Any CPU
	EndGlobalSection
	GlobalSection(ProjectConfigurationPlatforms) = postSolution
		{823C21F5-5C32-47FE-B312-90830490C4D4}.Debug|Any CPU.ActiveCfg = Debug|Any CPU
		{823C21F5-5C32-47FE-B312-90830490C4D4}.Debug|Any CPU.Build.0 = Debug|Any CPU
		{823C21F5-5C32-47FE-B312-90830490C4D4}.Release|Any CPU.ActiveCfg = Release|Any CPU
		{823C21F5-5C32-47FE-B312-90830490C4D4}.Release|Any CPU.Build.0 = Release|Any CPU
	EndGlobalSection
	GlobalSection(SolutionProperties) = preSolution
		HideSolutionNode = FALSE
	EndGlobalSection
	GlobalSection(ExtensibilityGlobals) = postSolution
		SolutionGuid = {632E6326-B72A-4345-B457-A4D9CFE2CF50}
	EndGlobalSection
EndGlobal
