
Microsoft Visual Studio Solution File, Format Version 12.00
# Visual Studio Version 17
VisualStudioVersion = 17.6.33815.320
MinimumVisualStudioVersion = 10.0.40219.1
Project("{FAE04EC0-301F-11D3-BF4B-00C04F79EFBC}") = "WinTcpclient", "WinTcpclient\WinTcpclient.csproj", "{4EAE1FBF-FC4F-4428-83FE-DA8FCAEB191D}"
EndProject
Global
	GlobalSection(SolutionConfigurationPlatforms) = preSolution
		Debug|Any CPU = Debug|Any CPU
		Release|Any CPU = Release|Any CPU
	EndGlobalSection
	GlobalSection(ProjectConfigurationPlatforms) = postSolution
		{4EAE1FBF-FC4F-4428-83FE-DA8FCAEB191D}.Debug|Any CPU.ActiveCfg = Debug|Any CPU
		{4EAE1FBF-FC4F-4428-83FE-DA8FCAEB191D}.Debug|Any CPU.Build.0 = Debug|Any CPU
		{4EAE1FBF-FC4F-4428-83FE-DA8FCAEB191D}.Release|Any CPU.ActiveCfg = Release|Any CPU
		{4EAE1FBF-FC4F-4428-83FE-DA8FCAEB191D}.Release|Any CPU.Build.0 = Release|Any CPU
	EndGlobalSection
	GlobalSection(SolutionProperties) = preSolution
		HideSolutionNode = FALSE
	EndGlobalSection
	GlobalSection(ExtensibilityGlobals) = postSolution
		SolutionGuid = {4266AAF8-65A1-40F1-965E-5414E41E1DDF}
	EndGlobalSection
EndGlobal
