
Microsoft Visual Studio Solution File, Format Version 12.00
# Visual Studio Version 17
VisualStudioVersion = 17.6.33815.320
MinimumVisualStudioVersion = 10.0.40219.1
Project("{FAE04EC0-301F-11D3-BF4B-00C04F79EFBC}") = "interface03", "interface03\interface03.csproj", "{7126ADC1-CB1E-4DE2-B880-5D6A1F87B0C1}"
EndProject
Global
	GlobalSection(SolutionConfigurationPlatforms) = preSolution
		Debug|Any CPU = Debug|Any CPU
		Release|Any CPU = Release|Any CPU
	EndGlobalSection
	GlobalSection(ProjectConfigurationPlatforms) = postSolution
		{7126ADC1-CB1E-4DE2-B880-5D6A1F87B0C1}.Debug|Any CPU.ActiveCfg = Debug|Any CPU
		{7126ADC1-CB1E-4DE2-B880-5D6A1F87B0C1}.Debug|Any CPU.Build.0 = Debug|Any CPU
		{7126ADC1-CB1E-4DE2-B880-5D6A1F87B0C1}.Release|Any CPU.ActiveCfg = Release|Any CPU
		{7126ADC1-CB1E-4DE2-B880-5D6A1F87B0C1}.Release|Any CPU.Build.0 = Release|Any CPU
	EndGlobalSection
	GlobalSection(SolutionProperties) = preSolution
		HideSolutionNode = FALSE
	EndGlobalSection
	GlobalSection(ExtensibilityGlobals) = postSolution
		SolutionGuid = {4A2F0F02-1E81-4BAE-AA1F-3CDA301A93B3}
	EndGlobalSection
EndGlobal
