
Microsoft Visual Studio Solution File, Format Version 12.00
# Visual Studio Version 17
VisualStudioVersion = 17.7.34009.444
MinimumVisualStudioVersion = 10.0.40219.1
Project("{FAE04EC0-301F-11D3-BF4B-00C04F79EFBC}") = "WebAppEmpty", "WebAppEmpty\WebAppEmpty.csproj", "{0035E14B-FD80-4B0D-83F9-D66F1985263B}"
EndProject
Global
	GlobalSection(SolutionConfigurationPlatforms) = preSolution
		Debug|Any CPU = Debug|Any CPU
		Release|Any CPU = Release|Any CPU
	EndGlobalSection
	GlobalSection(ProjectConfigurationPlatforms) = postSolution
		{0035E14B-FD80-4B0D-83F9-D66F1985263B}.Debug|Any CPU.ActiveCfg = Debug|Any CPU
		{0035E14B-FD80-4B0D-83F9-D66F1985263B}.Debug|Any CPU.Build.0 = Debug|Any CPU
		{0035E14B-FD80-4B0D-83F9-D66F1985263B}.Release|Any CPU.ActiveCfg = Release|Any CPU
		{0035E14B-FD80-4B0D-83F9-D66F1985263B}.Release|Any CPU.Build.0 = Release|Any CPU
	EndGlobalSection
	GlobalSection(SolutionProperties) = preSolution
		HideSolutionNode = FALSE
	EndGlobalSection
	GlobalSection(ExtensibilityGlobals) = postSolution
		SolutionGuid = {364574B3-FC08-4DB2-A9F0-56CFE6830F62}
	EndGlobalSection
EndGlobal
