
Microsoft Visual Studio Solution File, Format Version 12.00
# Visual Studio Version 17
VisualStudioVersion = 17.7.34009.444
MinimumVisualStudioVersion = 10.0.40219.1
Project("{FAE04EC0-301F-11D3-BF4B-00C04F79EFBC}") = "ImageTagHelpersTest", "ImageTagHelpersTest\ImageTagHelpersTest.csproj", "{09798521-BE1C-45D2-B2E7-DB5717A4DDAB}"
EndProject
Global
	GlobalSection(SolutionConfigurationPlatforms) = preSolution
		Debug|Any CPU = Debug|Any CPU
		Release|Any CPU = Release|Any CPU
	EndGlobalSection
	GlobalSection(ProjectConfigurationPlatforms) = postSolution
		{09798521-BE1C-45D2-B2E7-DB5717A4DDAB}.Debug|Any CPU.ActiveCfg = Debug|Any CPU
		{09798521-BE1C-45D2-B2E7-DB5717A4DDAB}.Debug|Any CPU.Build.0 = Debug|Any CPU
		{09798521-BE1C-45D2-B2E7-DB5717A4DDAB}.Release|Any CPU.ActiveCfg = Release|Any CPU
		{09798521-BE1C-45D2-B2E7-DB5717A4DDAB}.Release|Any CPU.Build.0 = Release|Any CPU
	EndGlobalSection
	GlobalSection(SolutionProperties) = preSolution
		HideSolutionNode = FALSE
	EndGlobalSection
	GlobalSection(ExtensibilityGlobals) = postSolution
		SolutionGuid = {8E2F138C-2959-4EAB-9C6F-5D1A909622E1}
	EndGlobalSection
EndGlobal
