
Microsoft Visual Studio Solution File, Format Version 12.00
# Visual Studio Version 17
VisualStudioVersion = 17.6.33815.320
MinimumVisualStudioVersion = 10.0.40219.1
Project("{FAE04EC0-301F-11D3-BF4B-00C04F79EFBC}") = "ListBoxQuiz", "ListBoxQuiz\ListBoxQuiz.csproj", "{83118A5B-3641-4102-8A4F-63F12DA5FCDD}"
EndProject
Global
	GlobalSection(SolutionConfigurationPlatforms) = preSolution
		Debug|Any CPU = Debug|Any CPU
		Release|Any CPU = Release|Any CPU
	EndGlobalSection
	GlobalSection(ProjectConfigurationPlatforms) = postSolution
		{83118A5B-3641-4102-8A4F-63F12DA5FCDD}.Debug|Any CPU.ActiveCfg = Debug|Any CPU
		{83118A5B-3641-4102-8A4F-63F12DA5FCDD}.Debug|Any CPU.Build.0 = Debug|Any CPU
		{83118A5B-3641-4102-8A4F-63F12DA5FCDD}.Release|Any CPU.ActiveCfg = Release|Any CPU
		{83118A5B-3641-4102-8A4F-63F12DA5FCDD}.Release|Any CPU.Build.0 = Release|Any CPU
	EndGlobalSection
	GlobalSection(SolutionProperties) = preSolution
		HideSolutionNode = FALSE
	EndGlobalSection
	GlobalSection(ExtensibilityGlobals) = postSolution
		SolutionGuid = {03CFDB96-43D4-4D3D-AA47-C8C94FB973DB}
	EndGlobalSection
EndGlobal
