
Microsoft Visual Studio Solution File, Format Version 12.00
# Visual Studio Version 17
VisualStudioVersion = 17.6.33815.320
MinimumVisualStudioVersion = 10.0.40219.1
Project("{FAE04EC0-301F-11D3-BF4B-00C04F79EFBC}") = "initOnlyApp001", "initOnlyApp001\initOnlyApp001.csproj", "{B22B56D9-3424-40B8-A4E9-6829DD75394E}"
EndProject
Global
	GlobalSection(SolutionConfigurationPlatforms) = preSolution
		Debug|Any CPU = Debug|Any CPU
		Release|Any CPU = Release|Any CPU
	EndGlobalSection
	GlobalSection(ProjectConfigurationPlatforms) = postSolution
		{B22B56D9-3424-40B8-A4E9-6829DD75394E}.Debug|Any CPU.ActiveCfg = Debug|Any CPU
		{B22B56D9-3424-40B8-A4E9-6829DD75394E}.Debug|Any CPU.Build.0 = Debug|Any CPU
		{B22B56D9-3424-40B8-A4E9-6829DD75394E}.Release|Any CPU.ActiveCfg = Release|Any CPU
		{B22B56D9-3424-40B8-A4E9-6829DD75394E}.Release|Any CPU.Build.0 = Release|Any CPU
	EndGlobalSection
	GlobalSection(SolutionProperties) = preSolution
		HideSolutionNode = FALSE
	EndGlobalSection
	GlobalSection(ExtensibilityGlobals) = postSolution
		SolutionGuid = {E97A15E1-3182-48C9-A3F2-83E66563F9D2}
	EndGlobalSection
EndGlobal
