
Microsoft Visual Studio Solution File, Format Version 12.00
# Visual Studio Version 17
VisualStudioVersion = 17.6.33815.320
MinimumVisualStudioVersion = 10.0.40219.1
Project("{FAE04EC0-301F-11D3-BF4B-00C04F79EFBC}") = "boxing", "boxing\boxing.csproj", "{5A18EAD1-1B49-483B-BA93-B4FA03600389}"
EndProject
Global
	GlobalSection(SolutionConfigurationPlatforms) = preSolution
		Debug|Any CPU = Debug|Any CPU
		Release|Any CPU = Release|Any CPU
	EndGlobalSection
	GlobalSection(ProjectConfigurationPlatforms) = postSolution
		{5A18EAD1-1B49-483B-BA93-B4FA03600389}.Debug|Any CPU.ActiveCfg = Debug|Any CPU
		{5A18EAD1-1B49-483B-BA93-B4FA03600389}.Debug|Any CPU.Build.0 = Debug|Any CPU
		{5A18EAD1-1B49-483B-BA93-B4FA03600389}.Release|Any CPU.ActiveCfg = Release|Any CPU
		{5A18EAD1-1B49-483B-BA93-B4FA03600389}.Release|Any CPU.Build.0 = Release|Any CPU
	EndGlobalSection
	GlobalSection(SolutionProperties) = preSolution
		HideSolutionNode = FALSE
	EndGlobalSection
	GlobalSection(ExtensibilityGlobals) = postSolution
		SolutionGuid = {2A6AA4E9-8E01-401E-BAA1-D4F987DAE5BC}
	EndGlobalSection
EndGlobal
