
Microsoft Visual Studio Solution File, Format Version 12.00
# Visual Studio Version 17
VisualStudioVersion = 17.6.33815.320
MinimumVisualStudioVersion = 10.0.40219.1
Project("{FAE04EC0-301F-11D3-BF4B-00C04F79EFBC}") = "OracleApp_select", "OracleApp_select\OracleApp_select.csproj", "{844A5326-D884-478E-8572-1FFB875E6AB8}"
EndProject
Global
	GlobalSection(SolutionConfigurationPlatforms) = preSolution
		Debug|Any CPU = Debug|Any CPU
		Release|Any CPU = Release|Any CPU
	EndGlobalSection
	GlobalSection(ProjectConfigurationPlatforms) = postSolution
		{844A5326-D884-478E-8572-1FFB875E6AB8}.Debug|Any CPU.ActiveCfg = Debug|Any CPU
		{844A5326-D884-478E-8572-1FFB875E6AB8}.Debug|Any CPU.Build.0 = Debug|Any CPU
		{844A5326-D884-478E-8572-1FFB875E6AB8}.Release|Any CPU.ActiveCfg = Release|Any CPU
		{844A5326-D884-478E-8572-1FFB875E6AB8}.Release|Any CPU.Build.0 = Release|Any CPU
	EndGlobalSection
	GlobalSection(SolutionProperties) = preSolution
		HideSolutionNode = FALSE
	EndGlobalSection
	GlobalSection(ExtensibilityGlobals) = postSolution
		SolutionGuid = {FF516871-0C40-4B48-B52B-4A1188AFE7EA}
	EndGlobalSection
EndGlobal
