
Microsoft Visual Studio Solution File, Format Version 12.00
# Visual Studio Version 17
VisualStudioVersion = 17.6.33815.320
MinimumVisualStudioVersion = 10.0.40219.1
Project("{FAE04EC0-301F-11D3-BF4B-00C04F79EFBC}") = "quiz3", "quiz3\quiz3.csproj", "{9B2794C3-A62D-4A27-98CB-F38321DB95A4}"
EndProject
Global
	GlobalSection(SolutionConfigurationPlatforms) = preSolution
		Debug|Any CPU = Debug|Any CPU
		Release|Any CPU = Release|Any CPU
	EndGlobalSection
	GlobalSection(ProjectConfigurationPlatforms) = postSolution
		{9B2794C3-A62D-4A27-98CB-F38321DB95A4}.Debug|Any CPU.ActiveCfg = Debug|Any CPU
		{9B2794C3-A62D-4A27-98CB-F38321DB95A4}.Debug|Any CPU.Build.0 = Debug|Any CPU
		{9B2794C3-A62D-4A27-98CB-F38321DB95A4}.Release|Any CPU.ActiveCfg = Release|Any CPU
		{9B2794C3-A62D-4A27-98CB-F38321DB95A4}.Release|Any CPU.Build.0 = Release|Any CPU
	EndGlobalSection
	GlobalSection(SolutionProperties) = preSolution
		HideSolutionNode = FALSE
	EndGlobalSection
	GlobalSection(ExtensibilityGlobals) = postSolution
		SolutionGuid = {981E32BE-63E4-4542-AAFB-3C09E02A6646}
	EndGlobalSection
EndGlobal
