
Microsoft Visual Studio Solution File, Format Version 12.00
# Visual Studio Version 17
VisualStudioVersion = 17.6.33815.320
MinimumVisualStudioVersion = 10.0.40219.1
Project("{FAE04EC0-301F-11D3-BF4B-00C04F79EFBC}") = "oopapp001", "oopapp001\oopapp001.csproj", "{BC2FA49D-6F1A-4B94-A645-D8349537C562}"
EndProject
Global
	GlobalSection(SolutionConfigurationPlatforms) = preSolution
		Debug|Any CPU = Debug|Any CPU
		Release|Any CPU = Release|Any CPU
	EndGlobalSection
	GlobalSection(ProjectConfigurationPlatforms) = postSolution
		{BC2FA49D-6F1A-4B94-A645-D8349537C562}.Debug|Any CPU.ActiveCfg = Debug|Any CPU
		{BC2FA49D-6F1A-4B94-A645-D8349537C562}.Debug|Any CPU.Build.0 = Debug|Any CPU
		{BC2FA49D-6F1A-4B94-A645-D8349537C562}.Release|Any CPU.ActiveCfg = Release|Any CPU
		{BC2FA49D-6F1A-4B94-A645-D8349537C562}.Release|Any CPU.Build.0 = Release|Any CPU
	EndGlobalSection
	GlobalSection(SolutionProperties) = preSolution
		HideSolutionNode = FALSE
	EndGlobalSection
	GlobalSection(ExtensibilityGlobals) = postSolution
		SolutionGuid = {75A1646E-2964-4141-913E-8C7528471344}
	EndGlobalSection
EndGlobal
