
Microsoft Visual Studio Solution File, Format Version 12.00
# Visual Studio Version 17
VisualStudioVersion = 17.7.34009.444
MinimumVisualStudioVersion = 10.0.40219.1
Project("{FAE04EC0-301F-11D3-BF4B-00C04F79EFBC}") = "WebEmpty_Quiz", "WebEmpty_Quiz\WebEmpty_Quiz.csproj", "{34A9FF32-C2D2-4530-9A99-39F9AD73F55D}"
EndProject
Global
	GlobalSection(SolutionConfigurationPlatforms) = preSolution
		Debug|Any CPU = Debug|Any CPU
		Release|Any CPU = Release|Any CPU
	EndGlobalSection
	GlobalSection(ProjectConfigurationPlatforms) = postSolution
		{34A9FF32-C2D2-4530-9A99-39F9AD73F55D}.Debug|Any CPU.ActiveCfg = Debug|Any CPU
		{34A9FF32-C2D2-4530-9A99-39F9AD73F55D}.Debug|Any CPU.Build.0 = Debug|Any CPU
		{34A9FF32-C2D2-4530-9A99-39F9AD73F55D}.Release|Any CPU.ActiveCfg = Release|Any CPU
		{34A9FF32-C2D2-4530-9A99-39F9AD73F55D}.Release|Any CPU.Build.0 = Release|Any CPU
	EndGlobalSection
	GlobalSection(SolutionProperties) = preSolution
		HideSolutionNode = FALSE
	EndGlobalSection
	GlobalSection(ExtensibilityGlobals) = postSolution
		SolutionGuid = {DE9FF044-DADF-4F1C-A92E-78B717473A2A}
	EndGlobalSection
EndGlobal
