
Microsoft Visual Studio Solution File, Format Version 12.00
# Visual Studio Version 17
VisualStudioVersion = 17.6.33815.320
MinimumVisualStudioVersion = 10.0.40219.1
Project("{FAE04EC0-301F-11D3-BF4B-00C04F79EFBC}") = "ImageViewApp01", "ImageViewApp01\ImageViewApp01.csproj", "{0DD56DB0-F9D6-4183-9C6E-65BB85F1F1A5}"
EndProject
Global
	GlobalSection(SolutionConfigurationPlatforms) = preSolution
		Debug|Any CPU = Debug|Any CPU
		Release|Any CPU = Release|Any CPU
	EndGlobalSection
	GlobalSection(ProjectConfigurationPlatforms) = postSolution
		{0DD56DB0-F9D6-4183-9C6E-65BB85F1F1A5}.Debug|Any CPU.ActiveCfg = Debug|Any CPU
		{0DD56DB0-F9D6-4183-9C6E-65BB85F1F1A5}.Debug|Any CPU.Build.0 = Debug|Any CPU
		{0DD56DB0-F9D6-4183-9C6E-65BB85F1F1A5}.Release|Any CPU.ActiveCfg = Release|Any CPU
		{0DD56DB0-F9D6-4183-9C6E-65BB85F1F1A5}.Release|Any CPU.Build.0 = Release|Any CPU
	EndGlobalSection
	GlobalSection(SolutionProperties) = preSolution
		HideSolutionNode = FALSE
	EndGlobalSection
	GlobalSection(ExtensibilityGlobals) = postSolution
		SolutionGuid = {49760F28-2011-413C-B71D-CA3DE5C0FF04}
	EndGlobalSection
EndGlobal
