
Microsoft Visual Studio Solution File, Format Version 12.00
# Visual Studio Version 17
VisualStudioVersion = 17.6.33815.320
MinimumVisualStudioVersion = 10.0.40219.1
Project("{FAE04EC0-301F-11D3-BF4B-00C04F79EFBC}") = "3dArray", "3dArray\3dArray.csproj", "{4621AA08-A451-44FD-AAA9-C26F27F10E44}"
EndProject
Global
	GlobalSection(SolutionConfigurationPlatforms) = preSolution
		Debug|Any CPU = Debug|Any CPU
		Release|Any CPU = Release|Any CPU
	EndGlobalSection
	GlobalSection(ProjectConfigurationPlatforms) = postSolution
		{4621AA08-A451-44FD-AAA9-C26F27F10E44}.Debug|Any CPU.ActiveCfg = Debug|Any CPU
		{4621AA08-A451-44FD-AAA9-C26F27F10E44}.Debug|Any CPU.Build.0 = Debug|Any CPU
		{4621AA08-A451-44FD-AAA9-C26F27F10E44}.Release|Any CPU.ActiveCfg = Release|Any CPU
		{4621AA08-A451-44FD-AAA9-C26F27F10E44}.Release|Any CPU.Build.0 = Release|Any CPU
	EndGlobalSection
	GlobalSection(SolutionProperties) = preSolution
		HideSolutionNode = FALSE
	EndGlobalSection
	GlobalSection(ExtensibilityGlobals) = postSolution
		SolutionGuid = {FFF702F8-7A35-4979-9162-C171B8BF870E}
	EndGlobalSection
EndGlobal
