
Microsoft Visual Studio Solution File, Format Version 12.00
# Visual Studio Version 17
VisualStudioVersion = 17.6.33815.320
MinimumVisualStudioVersion = 10.0.40219.1
Project("{FAE04EC0-301F-11D3-BF4B-00C04F79EFBC}") = "winformpric", "winformpric\winformpric.csproj", "{127AEEAB-E9B3-49BD-8D9C-26483B1B8B16}"
EndProject
Global
	GlobalSection(SolutionConfigurationPlatforms) = preSolution
		Debug|Any CPU = Debug|Any CPU
		Release|Any CPU = Release|Any CPU
	EndGlobalSection
	GlobalSection(ProjectConfigurationPlatforms) = postSolution
		{127AEEAB-E9B3-49BD-8D9C-26483B1B8B16}.Debug|Any CPU.ActiveCfg = Debug|Any CPU
		{127AEEAB-E9B3-49BD-8D9C-26483B1B8B16}.Debug|Any CPU.Build.0 = Debug|Any CPU
		{127AEEAB-E9B3-49BD-8D9C-26483B1B8B16}.Release|Any CPU.ActiveCfg = Release|Any CPU
		{127AEEAB-E9B3-49BD-8D9C-26483B1B8B16}.Release|Any CPU.Build.0 = Release|Any CPU
	EndGlobalSection
	GlobalSection(SolutionProperties) = preSolution
		HideSolutionNode = FALSE
	EndGlobalSection
	GlobalSection(ExtensibilityGlobals) = postSolution
		SolutionGuid = {0A31A61B-274B-4ABC-BCF1-0EA9C40040F0}
	EndGlobalSection
EndGlobal
