
Microsoft Visual Studio Solution File, Format Version 12.00
# Visual Studio Version 17
VisualStudioVersion = 17.6.33815.320
MinimumVisualStudioVersion = 10.0.40219.1
Project("{FAE04EC0-301F-11D3-BF4B-00C04F79EFBC}") = "HORES", "HORES\HORES.csproj", "{32E0E89D-4635-42AE-AABD-8D7DC84372D2}"
EndProject
Global
	GlobalSection(SolutionConfigurationPlatforms) = preSolution
		Debug|Any CPU = Debug|Any CPU
		Release|Any CPU = Release|Any CPU
	EndGlobalSection
	GlobalSection(ProjectConfigurationPlatforms) = postSolution
		{32E0E89D-4635-42AE-AABD-8D7DC84372D2}.Debug|Any CPU.ActiveCfg = Debug|Any CPU
		{32E0E89D-4635-42AE-AABD-8D7DC84372D2}.Debug|Any CPU.Build.0 = Debug|Any CPU
		{32E0E89D-4635-42AE-AABD-8D7DC84372D2}.Release|Any CPU.ActiveCfg = Release|Any CPU
		{32E0E89D-4635-42AE-AABD-8D7DC84372D2}.Release|Any CPU.Build.0 = Release|Any CPU
	EndGlobalSection
	GlobalSection(SolutionProperties) = preSolution
		HideSolutionNode = FALSE
	EndGlobalSection
	GlobalSection(ExtensibilityGlobals) = postSolution
		SolutionGuid = {67D203CD-F5D3-4A63-89DA-0ED0EE8A3488}
	EndGlobalSection
EndGlobal
