
Microsoft Visual Studio Solution File, Format Version 12.00
# Visual Studio Version 17
VisualStudioVersion = 17.6.33815.320
MinimumVisualStudioVersion = 10.0.40219.1
Project("{FAE04EC0-301F-11D3-BF4B-00C04F79EFBC}") = "AbortAoo", "AbortAoo\AbortAoo.csproj", "{01C1D3A7-1E9D-4C4C-BAB5-BAFE27DCBA70}"
EndProject
Global
	GlobalSection(SolutionConfigurationPlatforms) = preSolution
		Debug|Any CPU = Debug|Any CPU
		Release|Any CPU = Release|Any CPU
	EndGlobalSection
	GlobalSection(ProjectConfigurationPlatforms) = postSolution
		{01C1D3A7-1E9D-4C4C-BAB5-BAFE27DCBA70}.Debug|Any CPU.ActiveCfg = Debug|Any CPU
		{01C1D3A7-1E9D-4C4C-BAB5-BAFE27DCBA70}.Debug|Any CPU.Build.0 = Debug|Any CPU
		{01C1D3A7-1E9D-4C4C-BAB5-BAFE27DCBA70}.Release|Any CPU.ActiveCfg = Release|Any CPU
		{01C1D3A7-1E9D-4C4C-BAB5-BAFE27DCBA70}.Release|Any CPU.Build.0 = Release|Any CPU
	EndGlobalSection
	GlobalSection(SolutionProperties) = preSolution
		HideSolutionNode = FALSE
	EndGlobalSection
	GlobalSection(ExtensibilityGlobals) = postSolution
		SolutionGuid = {E1D4D82D-CFDB-4DA5-ABC5-17C65EB9204E}
	EndGlobalSection
EndGlobal
