
Microsoft Visual Studio Solution File, Format Version 12.00
# Visual Studio Version 17
VisualStudioVersion = 17.7.34009.444
MinimumVisualStudioVersion = 10.0.40219.1
Project("{FAE04EC0-301F-11D3-BF4B-00C04F79EFBC}") = "SynthesisApp", "SynthesisApp\SynthesisApp.csproj", "{5BE6E8D5-8DFD-443E-8504-8B91871E617F}"
EndProject
Global
	GlobalSection(SolutionConfigurationPlatforms) = preSolution
		Debug|Any CPU = Debug|Any CPU
		Release|Any CPU = Release|Any CPU
	EndGlobalSection
	GlobalSection(ProjectConfigurationPlatforms) = postSolution
		{5BE6E8D5-8DFD-443E-8504-8B91871E617F}.Debug|Any CPU.ActiveCfg = Debug|Any CPU
		{5BE6E8D5-8DFD-443E-8504-8B91871E617F}.Debug|Any CPU.Build.0 = Debug|Any CPU
		{5BE6E8D5-8DFD-443E-8504-8B91871E617F}.Release|Any CPU.ActiveCfg = Release|Any CPU
		{5BE6E8D5-8DFD-443E-8504-8B91871E617F}.Release|Any CPU.Build.0 = Release|Any CPU
	EndGlobalSection
	GlobalSection(SolutionProperties) = preSolution
		HideSolutionNode = FALSE
	EndGlobalSection
	GlobalSection(ExtensibilityGlobals) = postSolution
		SolutionGuid = {21A9601B-D0CE-4A69-A408-0291C746F5F2}
	EndGlobalSection
EndGlobal
