
Microsoft Visual Studio Solution File, Format Version 12.00
# Visual Studio Version 17
VisualStudioVersion = 17.7.34009.444
MinimumVisualStudioVersion = 10.0.40219.1
Project("{FAE04EC0-301F-11D3-BF4B-00C04F79EFBC}") = "MVC_model2", "MVC_model2\MVC_model2.csproj", "{AD471823-369D-4928-AAA0-3FC1E98CB358}"
EndProject
Global
	GlobalSection(SolutionConfigurationPlatforms) = preSolution
		Debug|Any CPU = Debug|Any CPU
		Release|Any CPU = Release|Any CPU
	EndGlobalSection
	GlobalSection(ProjectConfigurationPlatforms) = postSolution
		{AD471823-369D-4928-AAA0-3FC1E98CB358}.Debug|Any CPU.ActiveCfg = Debug|Any CPU
		{AD471823-369D-4928-AAA0-3FC1E98CB358}.Debug|Any CPU.Build.0 = Debug|Any CPU
		{AD471823-369D-4928-AAA0-3FC1E98CB358}.Release|Any CPU.ActiveCfg = Release|Any CPU
		{AD471823-369D-4928-AAA0-3FC1E98CB358}.Release|Any CPU.Build.0 = Release|Any CPU
	EndGlobalSection
	GlobalSection(SolutionProperties) = preSolution
		HideSolutionNode = FALSE
	EndGlobalSection
	GlobalSection(ExtensibilityGlobals) = postSolution
		SolutionGuid = {D0AC7C11-48DD-4773-B2A3-D2FA7117C3A0}
	EndGlobalSection
EndGlobal
