
Microsoft Visual Studio Solution File, Format Version 12.00
# Visual Studio Version 17
VisualStudioVersion = 17.7.34009.444
MinimumVisualStudioVersion = 10.0.40219.1
Project("{FAE04EC0-301F-11D3-BF4B-00C04F79EFBC}") = "CameraApp", "CameraApp.csproj", "{A0B9F9CA-045F-4888-BF53-D885C6D321FA}"
EndProject
Global
	GlobalSection(SolutionConfigurationPlatforms) = preSolution
		Debug|Any CPU = Debug|Any CPU
		Release|Any CPU = Release|Any CPU
	EndGlobalSection
	GlobalSection(ProjectConfigurationPlatforms) = postSolution
		{A0B9F9CA-045F-4888-BF53-D885C6D321FA}.Debug|Any CPU.ActiveCfg = Debug|Any CPU
		{A0B9F9CA-045F-4888-BF53-D885C6D321FA}.Debug|Any CPU.Build.0 = Debug|Any CPU
		{A0B9F9CA-045F-4888-BF53-D885C6D321FA}.Release|Any CPU.ActiveCfg = Release|Any CPU
		{A0B9F9CA-045F-4888-BF53-D885C6D321FA}.Release|Any CPU.Build.0 = Release|Any CPU
	EndGlobalSection
	GlobalSection(SolutionProperties) = preSolution
		HideSolutionNode = FALSE
	EndGlobalSection
	GlobalSection(ExtensibilityGlobals) = postSolution
		SolutionGuid = {4D5391F8-1067-48AB-B1D1-60CAB0417FF2}
	EndGlobalSection
EndGlobal
