
Microsoft Visual Studio Solution File, Format Version 12.00
# Visual Studio Version 17
VisualStudioVersion = 17.7.34009.444
MinimumVisualStudioVersion = 10.0.40219.1
Project("{FAE04EC0-301F-11D3-BF4B-00C04F79EFBC}") = "OpenCVCoreApp002", "OpenCVCoreApp002\OpenCVCoreApp002.csproj", "{A620B046-0DCA-491C-81FC-A25A3DA47AD3}"
EndProject
Global
	GlobalSection(SolutionConfigurationPlatforms) = preSolution
		Debug|Any CPU = Debug|Any CPU
		Release|Any CPU = Release|Any CPU
	EndGlobalSection
	GlobalSection(ProjectConfigurationPlatforms) = postSolution
		{A620B046-0DCA-491C-81FC-A25A3DA47AD3}.Debug|Any CPU.ActiveCfg = Debug|Any CPU
		{A620B046-0DCA-491C-81FC-A25A3DA47AD3}.Debug|Any CPU.Build.0 = Debug|Any CPU
		{A620B046-0DCA-491C-81FC-A25A3DA47AD3}.Release|Any CPU.ActiveCfg = Release|Any CPU
		{A620B046-0DCA-491C-81FC-A25A3DA47AD3}.Release|Any CPU.Build.0 = Release|Any CPU
	EndGlobalSection
	GlobalSection(SolutionProperties) = preSolution
		HideSolutionNode = FALSE
	EndGlobalSection
	GlobalSection(ExtensibilityGlobals) = postSolution
		SolutionGuid = {28629954-7713-40F0-9E11-BF49C47B4487}
	EndGlobalSection
EndGlobal
