
Microsoft Visual Studio Solution File, Format Version 12.00
# Visual Studio Version 17
VisualStudioVersion = 17.6.33815.320
MinimumVisualStudioVersion = 10.0.40219.1
Project("{FAE04EC0-301F-11D3-BF4B-00C04F79EFBC}") = "OOPApp0151", "OOPApp0151\OOPApp0151.csproj", "{6EF670EA-AEF1-46F0-912D-A7B5CF0AD730}"
EndProject
Global
	GlobalSection(SolutionConfigurationPlatforms) = preSolution
		Debug|Any CPU = Debug|Any CPU
		Release|Any CPU = Release|Any CPU
	EndGlobalSection
	GlobalSection(ProjectConfigurationPlatforms) = postSolution
		{6EF670EA-AEF1-46F0-912D-A7B5CF0AD730}.Debug|Any CPU.ActiveCfg = Debug|Any CPU
		{6EF670EA-AEF1-46F0-912D-A7B5CF0AD730}.Debug|Any CPU.Build.0 = Debug|Any CPU
		{6EF670EA-AEF1-46F0-912D-A7B5CF0AD730}.Release|Any CPU.ActiveCfg = Release|Any CPU
		{6EF670EA-AEF1-46F0-912D-A7B5CF0AD730}.Release|Any CPU.Build.0 = Release|Any CPU
	EndGlobalSection
	GlobalSection(SolutionProperties) = preSolution
		HideSolutionNode = FALSE
	EndGlobalSection
	GlobalSection(ExtensibilityGlobals) = postSolution
		SolutionGuid = {C557D36B-D743-4ED0-AA60-64F51AFADAFE}
	EndGlobalSection
EndGlobal
