
Microsoft Visual Studio Solution File, Format Version 12.00
# Visual Studio Version 17
VisualStudioVersion = 17.6.33815.320
MinimumVisualStudioVersion = 10.0.40219.1
Project("{FAE04EC0-301F-11D3-BF4B-00C04F79EFBC}") = "Synchronize", "Synchronize\Synchronize.csproj", "{833BF73A-4F06-47CE-8A82-02BBD7A91FEF}"
EndProject
Global
	GlobalSection(SolutionConfigurationPlatforms) = preSolution
		Debug|Any CPU = Debug|Any CPU
		Release|Any CPU = Release|Any CPU
	EndGlobalSection
	GlobalSection(ProjectConfigurationPlatforms) = postSolution
		{833BF73A-4F06-47CE-8A82-02BBD7A91FEF}.Debug|Any CPU.ActiveCfg = Debug|Any CPU
		{833BF73A-4F06-47CE-8A82-02BBD7A91FEF}.Debug|Any CPU.Build.0 = Debug|Any CPU
		{833BF73A-4F06-47CE-8A82-02BBD7A91FEF}.Release|Any CPU.ActiveCfg = Release|Any CPU
		{833BF73A-4F06-47CE-8A82-02BBD7A91FEF}.Release|Any CPU.Build.0 = Release|Any CPU
	EndGlobalSection
	GlobalSection(SolutionProperties) = preSolution
		HideSolutionNode = FALSE
	EndGlobalSection
	GlobalSection(ExtensibilityGlobals) = postSolution
		SolutionGuid = {74D3768C-ABF0-4B58-9D41-98360F711BA6}
	EndGlobalSection
EndGlobal
