
Microsoft Visual Studio Solution File, Format Version 12.00
# Visual Studio Version 17
VisualStudioVersion = 17.6.33815.320
MinimumVisualStudioVersion = 10.0.40219.1
Project("{FAE04EC0-301F-11D3-BF4B-00C04F79EFBC}") = "DesignApp01", "DesignApp01\DesignApp01.csproj", "{4BF8FC17-1850-4DED-A865-7F71E90B862C}"
EndProject
Global
	GlobalSection(SolutionConfigurationPlatforms) = preSolution
		Debug|Any CPU = Debug|Any CPU
		Release|Any CPU = Release|Any CPU
	EndGlobalSection
	GlobalSection(ProjectConfigurationPlatforms) = postSolution
		{4BF8FC17-1850-4DED-A865-7F71E90B862C}.Debug|Any CPU.ActiveCfg = Debug|Any CPU
		{4BF8FC17-1850-4DED-A865-7F71E90B862C}.Debug|Any CPU.Build.0 = Debug|Any CPU
		{4BF8FC17-1850-4DED-A865-7F71E90B862C}.Release|Any CPU.ActiveCfg = Release|Any CPU
		{4BF8FC17-1850-4DED-A865-7F71E90B862C}.Release|Any CPU.Build.0 = Release|Any CPU
	EndGlobalSection
	GlobalSection(SolutionProperties) = preSolution
		HideSolutionNode = FALSE
	EndGlobalSection
	GlobalSection(ExtensibilityGlobals) = postSolution
		SolutionGuid = {2B87CCD7-C986-4FAE-B980-D564E6A3462F}
	EndGlobalSection
EndGlobal
