
Microsoft Visual Studio Solution File, Format Version 12.00
# Visual Studio Version 17
VisualStudioVersion = 17.7.34009.444
MinimumVisualStudioVersion = 10.0.40219.1
Project("{FAE04EC0-301F-11D3-BF4B-00C04F79EFBC}") = "WebAppEmpty_Middleware", "WebAppEmpty_Middleware\WebAppEmpty_Middleware.csproj", "{F2AC616A-71B3-4ABD-8101-B2946A554696}"
EndProject
Global
	GlobalSection(SolutionConfigurationPlatforms) = preSolution
		Debug|Any CPU = Debug|Any CPU
		Release|Any CPU = Release|Any CPU
	EndGlobalSection
	GlobalSection(ProjectConfigurationPlatforms) = postSolution
		{F2AC616A-71B3-4ABD-8101-B2946A554696}.Debug|Any CPU.ActiveCfg = Debug|Any CPU
		{F2AC616A-71B3-4ABD-8101-B2946A554696}.Debug|Any CPU.Build.0 = Debug|Any CPU
		{F2AC616A-71B3-4ABD-8101-B2946A554696}.Release|Any CPU.ActiveCfg = Release|Any CPU
		{F2AC616A-71B3-4ABD-8101-B2946A554696}.Release|Any CPU.Build.0 = Release|Any CPU
	EndGlobalSection
	GlobalSection(SolutionProperties) = preSolution
		HideSolutionNode = FALSE
	EndGlobalSection
	GlobalSection(ExtensibilityGlobals) = postSolution
		SolutionGuid = {8848BC01-0B06-4A78-BF73-32583CDAF84B}
	EndGlobalSection
EndGlobal
