
Microsoft Visual Studio Solution File, Format Version 12.00
# Visual Studio Version 17
VisualStudioVersion = 17.6.33815.320
MinimumVisualStudioVersion = 10.0.40219.1
Project("{FAE04EC0-301F-11D3-BF4B-00C04F79EFBC}") = "indexerapp02", "indexerapp02\indexerapp02.csproj", "{4DBAC728-EFF8-4481-B857-C8518B968A76}"
EndProject
Global
	GlobalSection(SolutionConfigurationPlatforms) = preSolution
		Debug|Any CPU = Debug|Any CPU
		Release|Any CPU = Release|Any CPU
	EndGlobalSection
	GlobalSection(ProjectConfigurationPlatforms) = postSolution
		{4DBAC728-EFF8-4481-B857-C8518B968A76}.Debug|Any CPU.ActiveCfg = Debug|Any CPU
		{4DBAC728-EFF8-4481-B857-C8518B968A76}.Debug|Any CPU.Build.0 = Debug|Any CPU
		{4DBAC728-EFF8-4481-B857-C8518B968A76}.Release|Any CPU.ActiveCfg = Release|Any CPU
		{4DBAC728-EFF8-4481-B857-C8518B968A76}.Release|Any CPU.Build.0 = Release|Any CPU
	EndGlobalSection
	GlobalSection(SolutionProperties) = preSolution
		HideSolutionNode = FALSE
	EndGlobalSection
	GlobalSection(ExtensibilityGlobals) = postSolution
		SolutionGuid = {705F7F74-15E0-49FA-85D1-0B62FA6D83A9}
	EndGlobalSection
EndGlobal
