
Microsoft Visual Studio Solution File, Format Version 12.00
# Visual Studio Version 17
VisualStudioVersion = 17.6.33815.320
MinimumVisualStudioVersion = 10.0.40219.1
Project("{FAE04EC0-301F-11D3-BF4B-00C04F79EFBC}") = "Arraytest001", "Arraytest001\Arraytest001.csproj", "{AC3EA83F-437C-4C1D-AC3C-55BEF9D0DBFC}"
EndProject
Global
	GlobalSection(SolutionConfigurationPlatforms) = preSolution
		Debug|Any CPU = Debug|Any CPU
		Release|Any CPU = Release|Any CPU
	EndGlobalSection
	GlobalSection(ProjectConfigurationPlatforms) = postSolution
		{AC3EA83F-437C-4C1D-AC3C-55BEF9D0DBFC}.Debug|Any CPU.ActiveCfg = Debug|Any CPU
		{AC3EA83F-437C-4C1D-AC3C-55BEF9D0DBFC}.Debug|Any CPU.Build.0 = Debug|Any CPU
		{AC3EA83F-437C-4C1D-AC3C-55BEF9D0DBFC}.Release|Any CPU.ActiveCfg = Release|Any CPU
		{AC3EA83F-437C-4C1D-AC3C-55BEF9D0DBFC}.Release|Any CPU.Build.0 = Release|Any CPU
	EndGlobalSection
	GlobalSection(SolutionProperties) = preSolution
		HideSolutionNode = FALSE
	EndGlobalSection
	GlobalSection(ExtensibilityGlobals) = postSolution
		SolutionGuid = {30963BF9-9604-457D-A795-B599F56323A4}
	EndGlobalSection
EndGlobal
