
Microsoft Visual Studio Solution File, Format Version 12.00
# Visual Studio Version 17
VisualStudioVersion = 17.6.33815.320
MinimumVisualStudioVersion = 10.0.40219.1
Project("{FAE04EC0-301F-11D3-BF4B-00C04F79EFBC}") = "MemoryStreamQuiz", "MemoryStreamQuiz\MemoryStreamQuiz.csproj", "{1F28C641-C759-486E-8FB4-8687A90538CD}"
EndProject
Global
	GlobalSection(SolutionConfigurationPlatforms) = preSolution
		Debug|Any CPU = Debug|Any CPU
		Release|Any CPU = Release|Any CPU
	EndGlobalSection
	GlobalSection(ProjectConfigurationPlatforms) = postSolution
		{1F28C641-C759-486E-8FB4-8687A90538CD}.Debug|Any CPU.ActiveCfg = Debug|Any CPU
		{1F28C641-C759-486E-8FB4-8687A90538CD}.Debug|Any CPU.Build.0 = Debug|Any CPU
		{1F28C641-C759-486E-8FB4-8687A90538CD}.Release|Any CPU.ActiveCfg = Release|Any CPU
		{1F28C641-C759-486E-8FB4-8687A90538CD}.Release|Any CPU.Build.0 = Release|Any CPU
	EndGlobalSection
	GlobalSection(SolutionProperties) = preSolution
		HideSolutionNode = FALSE
	EndGlobalSection
	GlobalSection(ExtensibilityGlobals) = postSolution
		SolutionGuid = {92E4FA22-D3A1-41B9-BD79-495FA7B1405B}
	EndGlobalSection
EndGlobal
