
Microsoft Visual Studio Solution File, Format Version 12.00
# Visual Studio Version 17
VisualStudioVersion = 17.6.33815.320
MinimumVisualStudioVersion = 10.0.40219.1
Project("{FAE04EC0-301F-11D3-BF4B-00C04F79EFBC}") = "EventTestApp", "EventTestApp\EventTestApp.csproj", "{171B2FD7-500C-4404-B5A9-934D809BB1A6}"
EndProject
Global
	GlobalSection(SolutionConfigurationPlatforms) = preSolution
		Debug|Any CPU = Debug|Any CPU
		Release|Any CPU = Release|Any CPU
	EndGlobalSection
	GlobalSection(ProjectConfigurationPlatforms) = postSolution
		{171B2FD7-500C-4404-B5A9-934D809BB1A6}.Debug|Any CPU.ActiveCfg = Debug|Any CPU
		{171B2FD7-500C-4404-B5A9-934D809BB1A6}.Debug|Any CPU.Build.0 = Debug|Any CPU
		{171B2FD7-500C-4404-B5A9-934D809BB1A6}.Release|Any CPU.ActiveCfg = Release|Any CPU
		{171B2FD7-500C-4404-B5A9-934D809BB1A6}.Release|Any CPU.Build.0 = Release|Any CPU
	EndGlobalSection
	GlobalSection(SolutionProperties) = preSolution
		HideSolutionNode = FALSE
	EndGlobalSection
	GlobalSection(ExtensibilityGlobals) = postSolution
		SolutionGuid = {9F20884C-7BFD-40D6-BDB9-9584CE09EEB9}
	EndGlobalSection
EndGlobal
