
Microsoft Visual Studio Solution File, Format Version 12.00
# Visual Studio Version 17
VisualStudioVersion = 17.6.33815.320
MinimumVisualStudioVersion = 10.0.40219.1
Project("{FAE04EC0-301F-11D3-BF4B-00C04F79EFBC}") = "intefaceApp", "intefaceApp\intefaceApp.csproj", "{93053728-5826-467F-8D6F-636792719F55}"
EndProject
Global
	GlobalSection(SolutionConfigurationPlatforms) = preSolution
		Debug|Any CPU = Debug|Any CPU
		Release|Any CPU = Release|Any CPU
	EndGlobalSection
	GlobalSection(ProjectConfigurationPlatforms) = postSolution
		{93053728-5826-467F-8D6F-636792719F55}.Debug|Any CPU.ActiveCfg = Debug|Any CPU
		{93053728-5826-467F-8D6F-636792719F55}.Debug|Any CPU.Build.0 = Debug|Any CPU
		{93053728-5826-467F-8D6F-636792719F55}.Release|Any CPU.ActiveCfg = Release|Any CPU
		{93053728-5826-467F-8D6F-636792719F55}.Release|Any CPU.Build.0 = Release|Any CPU
	EndGlobalSection
	GlobalSection(SolutionProperties) = preSolution
		HideSolutionNode = FALSE
	EndGlobalSection
	GlobalSection(ExtensibilityGlobals) = postSolution
		SolutionGuid = {A12F5147-BF85-47B6-BAB6-F7ED19C58E02}
	EndGlobalSection
EndGlobal
