
Microsoft Visual Studio Solution File, Format Version 12.00
# Visual Studio Version 17
VisualStudioVersion = 17.6.33815.320
MinimumVisualStudioVersion = 10.0.40219.1
Project("{FAE04EC0-301F-11D3-BF4B-00C04F79EFBC}") = "FilreReaderWriter", "FilreReaderWriter\FilreReaderWriter.csproj", "{BEED1806-3825-4AF8-9B6A-2D07B1615C01}"
EndProject
Global
	GlobalSection(SolutionConfigurationPlatforms) = preSolution
		Debug|Any CPU = Debug|Any CPU
		Release|Any CPU = Release|Any CPU
	EndGlobalSection
	GlobalSection(ProjectConfigurationPlatforms) = postSolution
		{BEED1806-3825-4AF8-9B6A-2D07B1615C01}.Debug|Any CPU.ActiveCfg = Debug|Any CPU
		{BEED1806-3825-4AF8-9B6A-2D07B1615C01}.Debug|Any CPU.Build.0 = Debug|Any CPU
		{BEED1806-3825-4AF8-9B6A-2D07B1615C01}.Release|Any CPU.ActiveCfg = Release|Any CPU
		{BEED1806-3825-4AF8-9B6A-2D07B1615C01}.Release|Any CPU.Build.0 = Release|Any CPU
	EndGlobalSection
	GlobalSection(SolutionProperties) = preSolution
		HideSolutionNode = FALSE
	EndGlobalSection
	GlobalSection(ExtensibilityGlobals) = postSolution
		SolutionGuid = {5FC59359-8E45-4155-AE7E-E13D76849D9A}
	EndGlobalSection
EndGlobal
