
Microsoft Visual Studio Solution File, Format Version 12.00
# Visual Studio Version 17
VisualStudioVersion = 17.6.33815.320
MinimumVisualStudioVersion = 10.0.40219.1
Project("{FAE04EC0-301F-11D3-BF4B-00C04F79EFBC}") = "ggggg", "ggggg\ggggg.csproj", "{518C1C73-0CC3-4FB8-B957-E25AEBA7ADE6}"
EndProject
Global
	GlobalSection(SolutionConfigurationPlatforms) = preSolution
		Debug|Any CPU = Debug|Any CPU
		Release|Any CPU = Release|Any CPU
	EndGlobalSection
	GlobalSection(ProjectConfigurationPlatforms) = postSolution
		{518C1C73-0CC3-4FB8-B957-E25AEBA7ADE6}.Debug|Any CPU.ActiveCfg = Debug|Any CPU
		{518C1C73-0CC3-4FB8-B957-E25AEBA7ADE6}.Debug|Any CPU.Build.0 = Debug|Any CPU
		{518C1C73-0CC3-4FB8-B957-E25AEBA7ADE6}.Release|Any CPU.ActiveCfg = Release|Any CPU
		{518C1C73-0CC3-4FB8-B957-E25AEBA7ADE6}.Release|Any CPU.Build.0 = Release|Any CPU
	EndGlobalSection
	GlobalSection(SolutionProperties) = preSolution
		HideSolutionNode = FALSE
	EndGlobalSection
	GlobalSection(ExtensibilityGlobals) = postSolution
		SolutionGuid = {C104CDAC-95A2-4AF4-977B-3037890BF4BD}
	EndGlobalSection
EndGlobal
