
Microsoft Visual Studio Solution File, Format Version 12.00
# Visual Studio Version 17
VisualStudioVersion = 17.6.33815.320
MinimumVisualStudioVersion = 10.0.40219.1
Project("{FAE04EC0-301F-11D3-BF4B-00C04F79EFBC}") = "interfaceQuiz02", "interfaceQuiz02\interfaceQuiz02.csproj", "{0BD526BA-61F0-466C-BB29-6004FF8924E7}"
EndProject
Global
	GlobalSection(SolutionConfigurationPlatforms) = preSolution
		Debug|Any CPU = Debug|Any CPU
		Release|Any CPU = Release|Any CPU
	EndGlobalSection
	GlobalSection(ProjectConfigurationPlatforms) = postSolution
		{0BD526BA-61F0-466C-BB29-6004FF8924E7}.Debug|Any CPU.ActiveCfg = Debug|Any CPU
		{0BD526BA-61F0-466C-BB29-6004FF8924E7}.Debug|Any CPU.Build.0 = Debug|Any CPU
		{0BD526BA-61F0-466C-BB29-6004FF8924E7}.Release|Any CPU.ActiveCfg = Release|Any CPU
		{0BD526BA-61F0-466C-BB29-6004FF8924E7}.Release|Any CPU.Build.0 = Release|Any CPU
	EndGlobalSection
	GlobalSection(SolutionProperties) = preSolution
		HideSolutionNode = FALSE
	EndGlobalSection
	GlobalSection(ExtensibilityGlobals) = postSolution
		SolutionGuid = {497A431C-5780-4150-A96D-8FC3539D00F5}
	EndGlobalSection
EndGlobal
