
Microsoft Visual Studio Solution File, Format Version 12.00
# Visual Studio Version 17
VisualStudioVersion = 17.6.33815.320
MinimumVisualStudioVersion = 10.0.40219.1
Project("{FAE04EC0-301F-11D3-BF4B-00C04F79EFBC}") = "MyApp01", "MyApp01\MyApp01.csproj", "{131A4AB3-7F72-4CC8-B917-507C9A0029D1}"
EndProject
Global
	GlobalSection(SolutionConfigurationPlatforms) = preSolution
		Debug|Any CPU = Debug|Any CPU
		Release|Any CPU = Release|Any CPU
	EndGlobalSection
	GlobalSection(ProjectConfigurationPlatforms) = postSolution
		{131A4AB3-7F72-4CC8-B917-507C9A0029D1}.Debug|Any CPU.ActiveCfg = Debug|Any CPU
		{131A4AB3-7F72-4CC8-B917-507C9A0029D1}.Debug|Any CPU.Build.0 = Debug|Any CPU
		{131A4AB3-7F72-4CC8-B917-507C9A0029D1}.Release|Any CPU.ActiveCfg = Release|Any CPU
		{131A4AB3-7F72-4CC8-B917-507C9A0029D1}.Release|Any CPU.Build.0 = Release|Any CPU
	EndGlobalSection
	GlobalSection(SolutionProperties) = preSolution
		HideSolutionNode = FALSE
	EndGlobalSection
	GlobalSection(ExtensibilityGlobals) = postSolution
		SolutionGuid = {9BA61CBA-CE82-4CE1-833D-9AF9041828BF}
	EndGlobalSection
EndGlobal
