
Microsoft Visual Studio Solution File, Format Version 12.00
# Visual Studio Version 17
VisualStudioVersion = 17.6.33815.320
MinimumVisualStudioVersion = 10.0.40219.1
Project("{FAE04EC0-301F-11D3-BF4B-00C04F79EFBC}") = "AnonumousType", "AnonumousType\AnonumousType.csproj", "{6DB0E614-D1DC-429D-AE92-884508C04BC6}"
EndProject
Global
	GlobalSection(SolutionConfigurationPlatforms) = preSolution
		Debug|Any CPU = Debug|Any CPU
		Release|Any CPU = Release|Any CPU
	EndGlobalSection
	GlobalSection(ProjectConfigurationPlatforms) = postSolution
		{6DB0E614-D1DC-429D-AE92-884508C04BC6}.Debug|Any CPU.ActiveCfg = Debug|Any CPU
		{6DB0E614-D1DC-429D-AE92-884508C04BC6}.Debug|Any CPU.Build.0 = Debug|Any CPU
		{6DB0E614-D1DC-429D-AE92-884508C04BC6}.Release|Any CPU.ActiveCfg = Release|Any CPU
		{6DB0E614-D1DC-429D-AE92-884508C04BC6}.Release|Any CPU.Build.0 = Release|Any CPU
	EndGlobalSection
	GlobalSection(SolutionProperties) = preSolution
		HideSolutionNode = FALSE
	EndGlobalSection
	GlobalSection(ExtensibilityGlobals) = postSolution
		SolutionGuid = {100F3518-FD4A-4BF1-8113-0FC170A7CF9A}
	EndGlobalSection
EndGlobal
