
Microsoft Visual Studio Solution File, Format Version 12.00
# Visual Studio Version 17
VisualStudioVersion = 17.7.34009.444
MinimumVisualStudioVersion = 10.0.40219.1
Project("{FAE04EC0-301F-11D3-BF4B-00C04F79EFBC}") = "환율계산_Quiz", "환율계산_Quiz\환율계산_Quiz.csproj", "{53922F38-BA82-46F9-9CEB-A95A5A62D6E4}"
EndProject
Global
	GlobalSection(SolutionConfigurationPlatforms) = preSolution
		Debug|Any CPU = Debug|Any CPU
		Release|Any CPU = Release|Any CPU
	EndGlobalSection
	GlobalSection(ProjectConfigurationPlatforms) = postSolution
		{53922F38-BA82-46F9-9CEB-A95A5A62D6E4}.Debug|Any CPU.ActiveCfg = Debug|Any CPU
		{53922F38-BA82-46F9-9CEB-A95A5A62D6E4}.Debug|Any CPU.Build.0 = Debug|Any CPU
		{53922F38-BA82-46F9-9CEB-A95A5A62D6E4}.Release|Any CPU.ActiveCfg = Release|Any CPU
		{53922F38-BA82-46F9-9CEB-A95A5A62D6E4}.Release|Any CPU.Build.0 = Release|Any CPU
	EndGlobalSection
	GlobalSection(SolutionProperties) = preSolution
		HideSolutionNode = FALSE
	EndGlobalSection
	GlobalSection(ExtensibilityGlobals) = postSolution
		SolutionGuid = {A017E39B-D439-4A67-AF94-EABF7E38BDA6}
	EndGlobalSection
EndGlobal
