
Microsoft Visual Studio Solution File, Format Version 12.00
# Visual Studio Version 17
VisualStudioVersion = 17.6.33815.320
MinimumVisualStudioVersion = 10.0.40219.1
Project("{FAE04EC0-301F-11D3-BF4B-00C04F79EFBC}") = "AnouymousApp01", "AnouymousApp01\AnouymousApp01.csproj", "{703AE612-EFBA-4453-A489-1EE60BE1E965}"
EndProject
Global
	GlobalSection(SolutionConfigurationPlatforms) = preSolution
		Debug|Any CPU = Debug|Any CPU
		Release|Any CPU = Release|Any CPU
	EndGlobalSection
	GlobalSection(ProjectConfigurationPlatforms) = postSolution
		{703AE612-EFBA-4453-A489-1EE60BE1E965}.Debug|Any CPU.ActiveCfg = Debug|Any CPU
		{703AE612-EFBA-4453-A489-1EE60BE1E965}.Debug|Any CPU.Build.0 = Debug|Any CPU
		{703AE612-EFBA-4453-A489-1EE60BE1E965}.Release|Any CPU.ActiveCfg = Release|Any CPU
		{703AE612-EFBA-4453-A489-1EE60BE1E965}.Release|Any CPU.Build.0 = Release|Any CPU
	EndGlobalSection
	GlobalSection(SolutionProperties) = preSolution
		HideSolutionNode = FALSE
	EndGlobalSection
	GlobalSection(ExtensibilityGlobals) = postSolution
		SolutionGuid = {7450CAC6-2F8B-4D41-BE16-CACDD14C00B3}
	EndGlobalSection
EndGlobal
