
Microsoft Visual Studio Solution File, Format Version 12.00
# Visual Studio Version 17
VisualStudioVersion = 17.6.33815.320
MinimumVisualStudioVersion = 10.0.40219.1
Project("{FAE04EC0-301F-11D3-BF4B-00C04F79EFBC}") = "DelegateChain_easy", "DelegateChain_easy\DelegateChain_easy.csproj", "{4FA2179F-24CB-46D5-9763-6548AD9F693E}"
EndProject
Global
	GlobalSection(SolutionConfigurationPlatforms) = preSolution
		Debug|Any CPU = Debug|Any CPU
		Release|Any CPU = Release|Any CPU
	EndGlobalSection
	GlobalSection(ProjectConfigurationPlatforms) = postSolution
		{4FA2179F-24CB-46D5-9763-6548AD9F693E}.Debug|Any CPU.ActiveCfg = Debug|Any CPU
		{4FA2179F-24CB-46D5-9763-6548AD9F693E}.Debug|Any CPU.Build.0 = Debug|Any CPU
		{4FA2179F-24CB-46D5-9763-6548AD9F693E}.Release|Any CPU.ActiveCfg = Release|Any CPU
		{4FA2179F-24CB-46D5-9763-6548AD9F693E}.Release|Any CPU.Build.0 = Release|Any CPU
	EndGlobalSection
	GlobalSection(SolutionProperties) = preSolution
		HideSolutionNode = FALSE
	EndGlobalSection
	GlobalSection(ExtensibilityGlobals) = postSolution
		SolutionGuid = {3F4C55DA-4A9B-41FD-BE8E-A97A990AE4BD}
	EndGlobalSection
EndGlobal
